<?xml version="1.0" encoding="utf-8"?>
<Project ToolsVersion="4.0" xmlns="http://schemas.microsoft.com/developer/msbuild/2003">
  <ItemGroup>
    <ClCompile Include="..\src\direct2d\cdwdirect2d.c" />
    <ClCompile Include="..\src\direct2d\cdwin_d2d.c" />
    <ClCompile Include="..\src\direct2d\cdwnative_d2d.c" />
    <ClCompile Include="..\src\direct2d\cd_d2d.c" />
    <ClCompile Include="..\src\direct2d\cd_d2d_draw.c" />
    <ClCompile Include="..\src\direct2d\cd_d2d_image.c" />
    <ClCompile Include="..\src\direct2d\cd_d2d_text.c" />
    <ClCompile Include="..\src\direct2d\cdwdbuf_d2d.c" />
    <ClCompile Include="..\src\direct2d\cdwimg_d2d.c" />
    <ClCompile Include="..\src\direct2d\cdwprn_d2d.c" />
    <ClCompile Include="..\src\direct2d\cdwimgrgb_d2d.c" />
  </ItemGroup>
  <ItemGroup>
    <ClInclude Include="..\src\direct2d\cd_d2d.h">
      <Filter>inc</Filter>
    </ClInclude>
    <ClInclude Include="..\src\direct2d\cdwin_d2d.h">
      <Filter>inc</Filter>
    </ClInclude>
    <ClInclude Include="..\src\direct2d\dummy\d2d1.h">
      <Filter>dummy</Filter>
    </ClInclude>
    <ClInclude Include="..\src\direct2d\dummy\dwrite.h">
      <Filter>dummy</Filter>
    </ClInclude>
    <ClInclude Include="..\include\cddirect2d.h">
      <Filter>include</Filter>
    </ClInclude>
  </ItemGroup>
  <ItemGroup>
    <Filter Include="inc">
      <UniqueIdentifier>{7365cf65-92ba-49db-9b56-7bb22e6f2869}</UniqueIdentifier>
    </Filter>
    <Filter Include="dummy">
      <UniqueIdentifier>{27ec3a06-ed9d-4a2d-9ce9-7b3b0b47215f}</UniqueIdentifier>
    </Filter>
    <Filter Include="include">
      <UniqueIdentifier>{eaf89bc5-64a5-4973-b5ef-48572d6608c3}</UniqueIdentifier>
    </Filter>
  </ItemGroup>
  <ItemGroup>
    <None Include="..\src\direct2d\cddirect2d.def" />
  </ItemGroup>
</Project>