<?xml version="1.0" encoding="utf-8"?>
<Project ToolsVersion="4.0" xmlns="http://schemas.microsoft.com/developer/msbuild/2003">
  <ItemGroup>
    <Filter Include="inc">
      <UniqueIdentifier>{bc21303b-2d68-4aa8-86b6-33745702defd}</UniqueIdentifier>
    </Filter>
  </ItemGroup>
  <ItemGroup>
    <ClInclude Include="..\include\cdgdiplus.h">
      <Filter>inc</Filter>
    </ClInclude>
    <ClInclude Include="..\src\gdiplus\cdwinp.h">
      <Filter>inc</Filter>
    </ClInclude>
  </ItemGroup>
  <ItemGroup>
    <None Include="..\src\gdiplus\cdcontextplus.def" />
  </ItemGroup>
  <ItemGroup>
    <ClCompile Include="..\src\gdiplus\cdwclpp.cpp" />
    <ClCompile Include="..\src\gdiplus\cdwdbufp.cpp" />
    <ClCompile Include="..\src\gdiplus\cdwemfp.cpp" />
    <ClCompile Include="..\src\gdiplus\cdwgdiplus.c" />
    <ClCompile Include="..\src\gdiplus\cdwimgp.cpp" />
    <ClCompile Include="..\src\gdiplus\cdwinp.cpp" />
    <ClCompile Include="..\src\gdiplus\cdwnativep.cpp" />
    <ClCompile Include="..\src\gdiplus\cdwprnp.cpp" />
  </ItemGroup>
</Project>