<?xml version="1.0" encoding="utf-8"?>
<Project ToolsVersion="4.0" xmlns="http://schemas.microsoft.com/developer/msbuild/2003">
  <ItemGroup>
    <Filter Include="Source Files">
      <UniqueIdentifier>{4FC737F1-C7A5-4376-A066-2A32D752A2FF}</UniqueIdentifier>
      <Extensions>cpp;c;cc;cxx;def;odl;idl;hpj;bat;asm;asmx</Extensions>
    </Filter>
    <Filter Include="Header Files">
      <UniqueIdentifier>{93995380-89BD-4b04-88EB-625FBE52EBFB}</UniqueIdentifier>
      <Extensions>h;hh;hpp;hxx;hm;inl;inc;xsd</Extensions>
    </Filter>
    <Filter Include="Resource Files">
      <UniqueIdentifier>{67DA6AB6-F800-4c08-8B7A-83BB121AAD01}</UniqueIdentifier>
      <Extensions>rc;ico;cur;bmp;dlg;rc2;rct;bin;rgs;gif;jpg;jpeg;jpe;resx;tiff;tif;png;wav;mfcribbon-ms</Extensions>
    </Filter>
    <Filter Include="Header Files\lua">
      <UniqueIdentifier>{6edf2c3b-da18-45b7-965b-096bad3afdd5}</UniqueIdentifier>
    </Filter>
  </ItemGroup>
  <ItemGroup>
    <ClCompile Include="src\Exporters.cxx">
      <Filter>Source Files</Filter>
    </ClCompile>
    <ClCompile Include="src\FilePath.cxx">
      <Filter>Source Files</Filter>
    </ClCompile>
    <ClCompile Include="src\IFaceTable.cxx">
      <Filter>Source Files</Filter>
    </ClCompile>
    <ClCompile Include="src\JobQueue.cxx">
      <Filter>Source Files</Filter>
    </ClCompile>
    <ClCompile Include="src\LuaExtension.cxx">
      <Filter>Source Files</Filter>
    </ClCompile>
    <ClCompile Include="src\MultiplexExtension.cxx">
      <Filter>Source Files</Filter>
    </ClCompile>
    <ClCompile Include="src\PropSetFile.cxx">
      <Filter>Source Files</Filter>
    </ClCompile>
    <ClCompile Include="src\SciTEBase.cxx">
      <Filter>Source Files</Filter>
    </ClCompile>
    <ClCompile Include="src\SciTEBuffers.cxx">
      <Filter>Source Files</Filter>
    </ClCompile>
    <ClCompile Include="src\SciTEIO.cxx">
      <Filter>Source Files</Filter>
    </ClCompile>
    <ClCompile Include="src\SciTEProps.cxx">
      <Filter>Source Files</Filter>
    </ClCompile>
    <ClCompile Include="src\StringHelpers.cxx">
      <Filter>Source Files</Filter>
    </ClCompile>
    <ClCompile Include="src\StringList.cxx">
      <Filter>Source Files</Filter>
    </ClCompile>
    <ClCompile Include="src\StyleWriter.cxx">
      <Filter>Source Files</Filter>
    </ClCompile>
    <ClCompile Include="src\Utf8_16.cxx">
      <Filter>Source Files</Filter>
    </ClCompile>
    <ClCompile Include="win32\GUIWin.cxx">
      <Filter>Source Files</Filter>
    </ClCompile>
    <ClCompile Include="win32\SciTEWin.cxx">
      <Filter>Source Files</Filter>
    </ClCompile>
    <ClCompile Include="win32\SciTEWinBar.cxx">
      <Filter>Source Files</Filter>
    </ClCompile>
    <ClCompile Include="win32\SciTEWinDlg.cxx">
      <Filter>Source Files</Filter>
    </ClCompile>
    <ClCompile Include="win32\SingleThreadExtension.cxx">
      <Filter>Source Files</Filter>
    </ClCompile>
    <ClCompile Include="win32\UniqueInstance.cxx">
      <Filter>Source Files</Filter>
    </ClCompile>
    <ClCompile Include="win32\WinMutex.cxx">
      <Filter>Source Files</Filter>
    </ClCompile>
    <ClCompile Include="win32\IupLayoutWnd.cpp">
      <Filter>Source Files</Filter>
    </ClCompile>
    <ClCompile Include="src\scite_detachbox.c">
      <Filter>Source Files</Filter>
    </ClCompile>
    <ClCompile Include="src\scite_sbox.c">
      <Filter>Source Files</Filter>
    </ClCompile>
  </ItemGroup>
  <ItemGroup>
    <ClInclude Include="src\Containers.h">
      <Filter>Header Files</Filter>
    </ClInclude>
    <ClInclude Include="src\Extender.h">
      <Filter>Header Files</Filter>
    </ClInclude>
    <ClInclude Include="src\FilePath.h">
      <Filter>Header Files</Filter>
    </ClInclude>
    <ClInclude Include="src\GUI.h">
      <Filter>Header Files</Filter>
    </ClInclude>
    <ClInclude Include="src\IFaceTable.h">
      <Filter>Header Files</Filter>
    </ClInclude>
    <ClInclude Include="src\JobQueue.h">
      <Filter>Header Files</Filter>
    </ClInclude>
    <ClInclude Include="src\LuaExtension.h">
      <Filter>Header Files</Filter>
    </ClInclude>
    <ClInclude Include="src\MultiplexExtension.h">
      <Filter>Header Files</Filter>
    </ClInclude>
    <ClInclude Include="src\Mutex.h">
      <Filter>Header Files</Filter>
    </ClInclude>
    <ClInclude Include="src\PropSetFile.h">
      <Filter>Header Files</Filter>
    </ClInclude>
    <ClInclude Include="src\SciTE.h">
      <Filter>Header Files</Filter>
    </ClInclude>
    <ClInclude Include="src\SciTEBase.h">
      <Filter>Header Files</Filter>
    </ClInclude>
    <ClInclude Include="src\SciTEKeys.h">
      <Filter>Header Files</Filter>
    </ClInclude>
    <ClInclude Include="src\scite_lua_win.h">
      <Filter>Header Files</Filter>
    </ClInclude>
    <ClInclude Include="src\SString.h">
      <Filter>Header Files</Filter>
    </ClInclude>
    <ClInclude Include="src\StringHelpers.h">
      <Filter>Header Files</Filter>
    </ClInclude>
    <ClInclude Include="src\StringList.h">
      <Filter>Header Files</Filter>
    </ClInclude>
    <ClInclude Include="src\StyleWriter.h">
      <Filter>Header Files</Filter>
    </ClInclude>
    <ClInclude Include="src\Utf8_16.h">
      <Filter>Header Files</Filter>
    </ClInclude>
    <ClInclude Include="win32\resource.h">
      <Filter>Header Files</Filter>
    </ClInclude>
    <ClInclude Include="win32\SciTEWin.h">
      <Filter>Header Files</Filter>
    </ClInclude>
    <ClInclude Include="win32\SingleThreadExtension.h">
      <Filter>Header Files</Filter>
    </ClInclude>
    <ClInclude Include="win32\UniqueInstance.h">
      <Filter>Header Files</Filter>
    </ClInclude>
    <ClInclude Include="lua\src\lapi.h">
      <Filter>Header Files\lua</Filter>
    </ClInclude>
    <ClInclude Include="lua\include\lauxlib.h">
      <Filter>Header Files\lua</Filter>
    </ClInclude>
    <ClInclude Include="lua\src\lcode.h">
      <Filter>Header Files\lua</Filter>
    </ClInclude>
    <ClInclude Include="lua\src\ldebug.h">
      <Filter>Header Files\lua</Filter>
    </ClInclude>
    <ClInclude Include="lua\src\ldo.h">
      <Filter>Header Files\lua</Filter>
    </ClInclude>
    <ClInclude Include="lua\src\lfunc.h">
      <Filter>Header Files\lua</Filter>
    </ClInclude>
    <ClInclude Include="lua\src\lgc.h">
      <Filter>Header Files\lua</Filter>
    </ClInclude>
    <ClInclude Include="lua\src\llex.h">
      <Filter>Header Files\lua</Filter>
    </ClInclude>
    <ClInclude Include="lua\src\llimits.h">
      <Filter>Header Files\lua</Filter>
    </ClInclude>
    <ClInclude Include="lua\src\lmem.h">
      <Filter>Header Files\lua</Filter>
    </ClInclude>
    <ClInclude Include="lua\src\lobject.h">
      <Filter>Header Files\lua</Filter>
    </ClInclude>
    <ClInclude Include="lua\src\lopcodes.h">
      <Filter>Header Files\lua</Filter>
    </ClInclude>
    <ClInclude Include="lua\src\lparser.h">
      <Filter>Header Files\lua</Filter>
    </ClInclude>
    <ClInclude Include="lua\src\lstate.h">
      <Filter>Header Files\lua</Filter>
    </ClInclude>
    <ClInclude Include="lua\src\lstring.h">
      <Filter>Header Files\lua</Filter>
    </ClInclude>
    <ClInclude Include="lua\src\ltable.h">
      <Filter>Header Files\lua</Filter>
    </ClInclude>
    <ClInclude Include="lua\src\ltm.h">
      <Filter>Header Files\lua</Filter>
    </ClInclude>
    <ClInclude Include="lua\src\lzio.h">
      <Filter>Header Files\lua</Filter>
    </ClInclude>
    <ClInclude Include="lua\src\lundump.h">
      <Filter>Header Files\lua</Filter>
    </ClInclude>
    <ClInclude Include="lua\src\lvm.h">
      <Filter>Header Files\lua</Filter>
    </ClInclude>
    <ClInclude Include="src\scite_detachbox.h">
      <Filter>Header Files</Filter>
    </ClInclude>
    <ClInclude Include="src\scite_sbox.h">
      <Filter>Header Files</Filter>
    </ClInclude>
  </ItemGroup>
  <ItemGroup>
    <ResourceCompile Include="win32\SciTERes.rc">
      <Filter>Resource Files</Filter>
    </ResourceCompile>
  </ItemGroup>
  <ItemGroup>
    <Image Include="win32\around.bmp">
      <Filter>Resource Files</Filter>
    </Image>
    <Image Include="win32\backslash.bmp">
      <Filter>Resource Files</Filter>
    </Image>
    <Image Include="win32\buttons.bmp">
      <Filter>Resource Files</Filter>
    </Image>
    <Image Include="win32\case.bmp">
      <Filter>Resource Files</Filter>
    </Image>
    <Image Include="win32\regex.bmp">
      <Filter>Resource Files</Filter>
    </Image>
    <Image Include="win32\SciBall.ico">
      <Filter>Resource Files</Filter>
    </Image>
    <Image Include="win32\SciTE-file.ico">
      <Filter>Resource Files</Filter>
    </Image>
    <Image Include="win32\SciTE-ses.ico">
      <Filter>Resource Files</Filter>
    </Image>
    <Image Include="win32\up.bmp">
      <Filter>Resource Files</Filter>
    </Image>
    <Image Include="win32\word.bmp">
      <Filter>Resource Files</Filter>
    </Image>
    <Image Include="win32\bitmap1.bmp">
      <Filter>Resource Files</Filter>
    </Image>
    <Image Include="..\..\..\..\users\mwoz\documents\vs2010imagelibrary\objects\bmp_format\office and vs\bitmap1.bmp">
      <Filter>Resource Files</Filter>
    </Image>
    <Image Include="win32\icon1.ico">
      <Filter>Resource Files</Filter>
    </Image>
  </ItemGroup>
  <ItemGroup>
    <None Include="win32\DragDrop.cur">
      <Filter>Resource Files</Filter>
    </None>
    <None Include="win32\resource" />
    <None Include="ClassDiagram.cd" />
  </ItemGroup>
  <ItemGroup>
    <Manifest Include="win32\SciTE.exe.manifest">
      <Filter>Source Files</Filter>
    </Manifest>
  </ItemGroup>
</Project>