
Microsoft Visual Studio Solution File, Format Version 12.00
# Visual Studio Version 17
VisualStudioVersion = 17.4.33205.214
MinimumVisualStudioVersion = 10.0.40219.1
Project("{8BC9CEB8-8B4A-11D0-8D11-00A0C91BC942}") = "HildiM", "src\scite\HildiM.vcxproj", "{C9A4D8FA-927A-4951-9622-43C783955E60}"
	ProjectSection(ProjectDependencies) = postProject
		{00AAFF9A-F770-41B8-A27F-53BF47C329D0} = {00AAFF9A-F770-41B8-A27F-53BF47C329D0}
		{01818D2C-1234-4D5C-ABCD-4DFF401C6461} = {01818D2C-1234-4D5C-ABCD-4DFF401C6461}
		{01818D2C-65AF-4D5C-9452-4DFF401C6461} = {01818D2C-65AF-4D5C-9452-4DFF401C6461}
		{0C80BBEE-1B00-4567-1234-067292C84EDB} = {0C80BBEE-1B00-4567-1234-067292C84EDB}
		{1EBC7A53-4677-4C3A-8D4A-49D301F17D85} = {1EBC7A53-4677-4C3A-8D4A-49D301F17D85}
		{1EBC7A53-4677-5555-2222-49D301157985} = {1EBC7A53-4677-5555-2222-49D301157985}
		{2C7E83B9-7FE8-432A-97BA-FCF4D0728408} = {2C7E83B9-7FE8-432A-97BA-FCF4D0728408}
		{42A210A8-4E51-4D6A-9FAC-5C0E6B19FD4D} = {42A210A8-4E51-4D6A-9FAC-5C0E6B19FD4D}
		{51A96255-7EAB-4F36-A6E5-1BAF6245FA18} = {51A96255-7EAB-4F36-A6E5-1BAF6245FA18}
		{53FC9752-81C1-4AA6-B366-A7890A2B81F6} = {53FC9752-81C1-4AA6-B366-A7890A2B81F6}
		{5EEFE977-C56D-462F-BDEE-12A5452EB8CC} = {5EEFE977-C56D-462F-BDEE-12A5452EB8CC}
		{651DBAB5-138E-4BCE-B0D1-EA7CB249DA89} = {651DBAB5-138E-4BCE-B0D1-EA7CB249DA89}
		{B4823266-DF8C-4EFB-91C0-C7688C234EAC} = {B4823266-DF8C-4EFB-91C0-C7688C234EAC}
		{E541C9BE-13BC-4CE6-A0A4-31145F51A2C1} = {E541C9BE-13BC-4CE6-A0A4-31145F51A2C1}
	EndProjectSection
EndProject
Project("{8BC9CEB8-8B4A-11D0-8D11-00A0C91BC942}") = "SciLexer", "src\scintilla\SciLexer.vcxproj", "{00AAFF9A-F770-41B8-A27F-53BF47C329D0}"
EndProject
Project("{8BC9CEB8-8B4A-11D0-8D11-00A0C91BC942}") = "luahunspell", "lualib\luahunspell\luahunspell.vcxproj", "{91678D5A-9064-4E74-9DD2-ADDBD0430FEB}"
	ProjectSection(ProjectDependencies) = postProject
		{651DBAB5-138E-4BCE-B0D1-EA7CB249DA89} = {651DBAB5-138E-4BCE-B0D1-EA7CB249DA89}
		{C9A4D8FA-927A-4951-9622-43C783955E60} = {C9A4D8FA-927A-4951-9622-43C783955E60}
	EndProjectSection
EndProject
Project("{8BC9CEB8-8B4A-11D0-8D11-00A0C91BC942}") = "libhunspell", "lualib\hunspell\libhunspell.vcxproj", "{53609BB3-D874-465C-AF7B-DF626DB0D89B}"
EndProject
Project("{8BC9CEB8-8B4A-11D0-8D11-00A0C91BC942}") = "mblua", "lualib\mblua\mblua.vcxproj", "{465000B6-959F-4B72-A71B-425D586996D1}"
	ProjectSection(ProjectDependencies) = postProject
		{651DBAB5-138E-4BCE-B0D1-EA7CB249DA89} = {651DBAB5-138E-4BCE-B0D1-EA7CB249DA89}
		{B56D17BC-072B-42F3-844A-870A07AFBAAA} = {B56D17BC-072B-42F3-844A-870A07AFBAAA}
		{C9A4D8FA-927A-4951-9622-43C783955E60} = {C9A4D8FA-927A-4951-9622-43C783955E60}
	EndProjectSection
EndProject
Project("{8BC9CEB8-8B4A-11D0-8D11-00A0C91BC942}") = "shell", "lualib\shell\shell.vcxproj", "{61A46457-B235-7896-AC4B-647812FA181C}"
	ProjectSection(ProjectDependencies) = postProject
		{651DBAB5-138E-4BCE-B0D1-EA7CB249DA89} = {651DBAB5-138E-4BCE-B0D1-EA7CB249DA89}
		{C9A4D8FA-927A-4951-9622-43C783955E60} = {C9A4D8FA-927A-4951-9622-43C783955E60}
	EndProjectSection
EndProject
Project("{2150E333-8FDC-42A3-9474-1A3956D46DE8}") = "IUPLibs", "IUPLibs", "{42CF82AA-53E6-4230-8249-58AC02AF6FE4}"
EndProject
Project("{8BC9CEB8-8B4A-11D0-8D11-00A0C91BC942}") = "iupwin", "iup\hildip\iupwin.vcxproj", "{2C7E83B9-123A-BCDF-97BA-FCF4D0728408}"
	ProjectSection(ProjectDependencies) = postProject
		{0C80BBEE-1B00-4567-1234-067292C84EDB} = {0C80BBEE-1B00-4567-1234-067292C84EDB}
	EndProjectSection
EndProject
Project("{8BC9CEB8-8B4A-11D0-8D11-00A0C91BC942}") = "iupcore", "iup\hildip\iupcore.vcxproj", "{2C7E83B9-7FE8-432A-97BA-FCF4D0728408}"
EndProject
Project("{8BC9CEB8-8B4A-11D0-8D11-00A0C91BC942}") = "iupcontrols", "iup\hildip\iupcontrols.vcxproj", "{5EEFE977-C56D-462F-BDEE-12A5452EB8CC}"
EndProject
Project("{8BC9CEB8-8B4A-11D0-8D11-00A0C91BC942}") = "luaxml", "lualib\luaxml\luaxml.vcxproj", "{E4F20CD2-0E72-4264-8A7F-3669C8FBBF5F}"
	ProjectSection(ProjectDependencies) = postProject
		{651DBAB5-138E-4BCE-B0D1-EA7CB249DA89} = {651DBAB5-138E-4BCE-B0D1-EA7CB249DA89}
		{C9A4D8FA-927A-4951-9622-43C783955E60} = {C9A4D8FA-927A-4951-9622-43C783955E60}
	EndProjectSection
EndProject
Project("{8BC9CEB8-8B4A-11D0-8D11-00A0C91BC942}") = "iuplua", "iup\hildip\iuplua\iuplua.vcxproj", "{1EBC7A53-4677-4C3A-8D4A-49D301F17D85}"
EndProject
Project("{8BC9CEB8-8B4A-11D0-8D11-00A0C91BC942}") = "iupluacontrols", "iup\hildip\iuplua\iupluacontrols.vcxproj", "{1EBC7A53-4677-75D7-8D4A-49D301F17D85}"
EndProject
Project("{8BC9CEB8-8B4A-11D0-8D11-00A0C91BC942}") = "lpeg", "lualib\lpeg\lpeg.vcxproj", "{EF1B9445-ECF9-420E-9FA9-C040A84F7322}"
	ProjectSection(ProjectDependencies) = postProject
		{651DBAB5-138E-4BCE-B0D1-EA7CB249DA89} = {651DBAB5-138E-4BCE-B0D1-EA7CB249DA89}
		{C9A4D8FA-927A-4951-9622-43C783955E60} = {C9A4D8FA-927A-4951-9622-43C783955E60}
	EndProjectSection
EndProject
Project("{8BC9CEB8-8B4A-11D0-8D11-00A0C91BC942}") = "iupweb", "iup\hildip\iupweb.vcxproj", "{0A12BCDE-4F00-5637-8901-067292C84EDB}"
	ProjectSection(ProjectDependencies) = postProject
		{0C80BBEE-1B00-4567-1234-067292C84EDB} = {0C80BBEE-1B00-4567-1234-067292C84EDB}
	EndProjectSection
EndProject
Project("{8BC9CEB8-8B4A-11D0-8D11-00A0C91BC942}") = "luacom", "lualib\luacom\luacom.vcxproj", "{9B245550-2DC3-4A2E-870B-9E165EDC3916}"
	ProjectSection(ProjectDependencies) = postProject
		{651DBAB5-138E-4BCE-B0D1-EA7CB249DA89} = {651DBAB5-138E-4BCE-B0D1-EA7CB249DA89}
		{C9A4D8FA-927A-4951-9622-43C783955E60} = {C9A4D8FA-927A-4951-9622-43C783955E60}
	EndProjectSection
EndProject
Project("{8BC9CEB8-8B4A-11D0-8D11-00A0C91BC942}") = "iupole", "iup\hildip\iupole.vcxproj", "{0C80BBEE-1B00-4567-1234-067292C84EDB}"
EndProject
Project("{8BC9CEB8-8B4A-11D0-8D11-00A0C91BC942}") = "lua", "src\scite\lua\lua.vcxproj", "{651DBAB5-138E-4BCE-B0D1-EA7CB249DA89}"
EndProject
Project("{8BC9CEB8-8B4A-11D0-8D11-00A0C91BC942}") = "Compare", "lualib\Compare\Compare.vcxproj", "{0C687B48-0821-4E80-BE4F-D4A6DB0FB47D}"
	ProjectSection(ProjectDependencies) = postProject
		{C9A4D8FA-927A-4951-9622-43C783955E60} = {C9A4D8FA-927A-4951-9622-43C783955E60}
	EndProjectSection
EndProject
Project("{8BC9CEB8-8B4A-11D0-8D11-00A0C91BC942}") = "lanes", "lualib\lanes\lanes.vcxproj", "{877A0F1F-CC4E-45FD-9A28-1DC3EFDBDE27}"
	ProjectSection(ProjectDependencies) = postProject
		{651DBAB5-138E-4BCE-B0D1-EA7CB249DA89} = {651DBAB5-138E-4BCE-B0D1-EA7CB249DA89}
		{C9A4D8FA-927A-4951-9622-43C783955E60} = {C9A4D8FA-927A-4951-9622-43C783955E60}
	EndProjectSection
EndProject
Project("{8BC9CEB8-8B4A-11D0-8D11-00A0C91BC942}") = "luasql", "lualib\odbc\luasql.vcxproj", "{84A1F2D5-7183-46C2-8690-D3762F678017}"
	ProjectSection(ProjectDependencies) = postProject
		{651DBAB5-138E-4BCE-B0D1-EA7CB249DA89} = {651DBAB5-138E-4BCE-B0D1-EA7CB249DA89}
		{C9A4D8FA-927A-4951-9622-43C783955E60} = {C9A4D8FA-927A-4951-9622-43C783955E60}
	EndProjectSection
EndProject
Project("{8BC9CEB8-8B4A-11D0-8D11-00A0C91BC942}") = "odbc", "lualib\odbc\odbc.vcxproj", "{02DBCF4A-1005-4B55-9E3C-2BDE14C2BBDC}"
	ProjectSection(ProjectDependencies) = postProject
		{651DBAB5-138E-4BCE-B0D1-EA7CB249DA89} = {651DBAB5-138E-4BCE-B0D1-EA7CB249DA89}
		{84A1F2D5-7183-46C2-8690-D3762F678017} = {84A1F2D5-7183-46C2-8690-D3762F678017}
		{C9A4D8FA-927A-4951-9622-43C783955E60} = {C9A4D8FA-927A-4951-9622-43C783955E60}
	EndProjectSection
EndProject
Project("{8BC9CEB8-8B4A-11D0-8D11-00A0C91BC942}") = "socket", "lualib\socket\socket.vcxproj", "{66E3CE14-884D-4AEA-9F20-15A0BEAF8C5A}"
	ProjectSection(ProjectDependencies) = postProject
		{651DBAB5-138E-4BCE-B0D1-EA7CB249DA89} = {651DBAB5-138E-4BCE-B0D1-EA7CB249DA89}
		{C9A4D8FA-927A-4951-9622-43C783955E60} = {C9A4D8FA-927A-4951-9622-43C783955E60}
	EndProjectSection
EndProject
Project("{8BC9CEB8-8B4A-11D0-8D11-00A0C91BC942}") = "iupluaweb", "iup\hildip\iuplua\iupluaweb.vcxproj", "{42A210A8-4E51-4D6A-9FAC-5C0E6B19FD4D}"
EndProject
Project("{8BC9CEB8-8B4A-11D0-8D11-00A0C91BC942}") = "Lexilla", "src\lexilla\src\Lexilla.vcxproj", "{E541C9BE-13BC-4CE6-A0A4-31145F51A2C1}"
EndProject
Project("{8BC9CEB8-8B4A-11D0-8D11-00A0C91BC942}") = "iupluaole", "iup\hildip\iuplua\iupluaole.vcxproj", "{1EBC7A53-4677-5555-2222-49D301157985}"
EndProject
Project("{8BC9CEB8-8B4A-11D0-8D11-00A0C91BC942}") = "iupluacd", "iup\hildip\iuplua\iupluacd.vcxproj", "{B4823266-DF8C-4EFB-91C0-C7688C234EAC}"
EndProject
Project("{2150E333-8FDC-42A3-9474-1A3956D46DE8}") = "CDLibs", "CDLibs", "{73D1C0ED-E55D-40DB-9E4D-9749A141F092}"
EndProject
Project("{8BC9CEB8-8B4A-11D0-8D11-00A0C91BC942}") = "cd", "cd\hildip\cd.vcxproj", "{01818D2C-65AF-4D5C-9452-4DFF401C6461}"
	ProjectSection(ProjectDependencies) = postProject
		{78B079BD-9FC7-4B9E-B4A6-96DA0F00248B} = {78B079BD-9FC7-4B9E-B4A6-96DA0F00248B}
		{B56D17BC-072B-42F3-844A-870A07AFBAAA} = {B56D17BC-072B-42F3-844A-870A07AFBAAA}
	EndProjectSection
EndProject
Project("{8BC9CEB8-8B4A-11D0-8D11-00A0C91BC942}") = "cdcore", "cd\hildip\cdcore.vcxproj", "{01818D2C-1234-4D5C-ABCD-4DFF401C6461}"
EndProject
Project("{8BC9CEB8-8B4A-11D0-8D11-00A0C91BC942}") = "cdgdiplus", "cd\hildip\cdgdiplus.vcxproj", "{51A96255-7EAB-4F36-A6E5-1BAF6245FA18}"
EndProject
Project("{8BC9CEB8-8B4A-11D0-8D11-00A0C91BC942}") = "cdlua", "cd\hildip\cdlua.vcxproj", "{53FC9752-81C1-4AA6-B366-A7890A2B81F6}"
EndProject
Project("{8BC9CEB8-8B4A-11D0-8D11-00A0C91BC942}") = "iupcd", "iup\hildip\iupcd.vcxproj", "{BE7472E1-E76E-4969-A35F-054614F5884E}"
EndProject
Project("{8BC9CEB8-8B4A-11D0-8D11-00A0C91BC942}") = "freetype6", "Ext\freetype6\freetype6.vcxproj", "{78B079BD-9FC7-4B9E-B4A6-96DA0F00248B}"
EndProject
Project("{2150E333-8FDC-42A3-9474-1A3956D46DE8}") = "EXTLibs", "EXTLibs", "{621BF055-54B2-4D7E-8661-E7CED2BD8601}"
EndProject
Project("{8BC9CEB8-8B4A-11D0-8D11-00A0C91BC942}") = "zlib1", "Ext\zlib1\zlib1.vcxproj", "{B56D17BC-072B-42F3-844A-870A07AFBAAA}"
EndProject
Project("{2150E333-8FDC-42A3-9474-1A3956D46DE8}") = "Lua Libs", "Lua Libs", "{9717CFF1-7C84-4B19-9E93-B98BC08FEB72}"
EndProject
Global
	GlobalSection(SolutionConfigurationPlatforms) = preSolution
		Debug|ARM = Debug|ARM
		Debug|ARM64 = Debug|ARM64
		Debug|Win32 = Debug|Win32
		Debug|x64 = Debug|x64
		Release|ARM = Release|ARM
		Release|ARM64 = Release|ARM64
		Release|Win32 = Release|Win32
		Release|x64 = Release|x64
	EndGlobalSection
	GlobalSection(ProjectConfigurationPlatforms) = postSolution
		{C9A4D8FA-927A-4951-9622-43C783955E60}.Debug|ARM.ActiveCfg = Debug|Win32
		{C9A4D8FA-927A-4951-9622-43C783955E60}.Debug|ARM.Build.0 = Debug|Win32
		{C9A4D8FA-927A-4951-9622-43C783955E60}.Debug|ARM64.ActiveCfg = Debug|Win32
		{C9A4D8FA-927A-4951-9622-43C783955E60}.Debug|Win32.ActiveCfg = Debug|Win32
		{C9A4D8FA-927A-4951-9622-43C783955E60}.Debug|Win32.Build.0 = Debug|Win32
		{C9A4D8FA-927A-4951-9622-43C783955E60}.Debug|x64.ActiveCfg = Debug|x64
		{C9A4D8FA-927A-4951-9622-43C783955E60}.Debug|x64.Build.0 = Debug|x64
		{C9A4D8FA-927A-4951-9622-43C783955E60}.Release|ARM.ActiveCfg = Release|Win32
		{C9A4D8FA-927A-4951-9622-43C783955E60}.Release|ARM.Build.0 = Release|Win32
		{C9A4D8FA-927A-4951-9622-43C783955E60}.Release|ARM64.ActiveCfg = Release|Win32
		{C9A4D8FA-927A-4951-9622-43C783955E60}.Release|Win32.ActiveCfg = Release|Win32
		{C9A4D8FA-927A-4951-9622-43C783955E60}.Release|Win32.Build.0 = Release|Win32
		{C9A4D8FA-927A-4951-9622-43C783955E60}.Release|x64.ActiveCfg = Release|x64
		{C9A4D8FA-927A-4951-9622-43C783955E60}.Release|x64.Build.0 = Release|x64
		{00AAFF9A-F770-41B8-A27F-53BF47C329D0}.Debug|ARM.ActiveCfg = Debug|Win32
		{00AAFF9A-F770-41B8-A27F-53BF47C329D0}.Debug|ARM.Build.0 = Debug|Win32
		{00AAFF9A-F770-41B8-A27F-53BF47C329D0}.Debug|ARM64.ActiveCfg = Debug|Win32
		{00AAFF9A-F770-41B8-A27F-53BF47C329D0}.Debug|Win32.ActiveCfg = Debug|Win32
		{00AAFF9A-F770-41B8-A27F-53BF47C329D0}.Debug|Win32.Build.0 = Debug|Win32
		{00AAFF9A-F770-41B8-A27F-53BF47C329D0}.Debug|x64.ActiveCfg = Debug|x64
		{00AAFF9A-F770-41B8-A27F-53BF47C329D0}.Debug|x64.Build.0 = Debug|x64
		{00AAFF9A-F770-41B8-A27F-53BF47C329D0}.Release|ARM.ActiveCfg = Release|Win32
		{00AAFF9A-F770-41B8-A27F-53BF47C329D0}.Release|ARM64.ActiveCfg = Release|Win32
		{00AAFF9A-F770-41B8-A27F-53BF47C329D0}.Release|Win32.ActiveCfg = Release|Win32
		{00AAFF9A-F770-41B8-A27F-53BF47C329D0}.Release|Win32.Build.0 = Release|Win32
		{00AAFF9A-F770-41B8-A27F-53BF47C329D0}.Release|x64.ActiveCfg = Release|x64
		{00AAFF9A-F770-41B8-A27F-53BF47C329D0}.Release|x64.Build.0 = Release|x64
		{91678D5A-9064-4E74-9DD2-ADDBD0430FEB}.Debug|ARM.ActiveCfg = Debug|Win32
		{91678D5A-9064-4E74-9DD2-ADDBD0430FEB}.Debug|ARM.Build.0 = Debug|Win32
		{91678D5A-9064-4E74-9DD2-ADDBD0430FEB}.Debug|ARM64.ActiveCfg = Debug|Win32
		{91678D5A-9064-4E74-9DD2-ADDBD0430FEB}.Debug|Win32.ActiveCfg = Debug|Win32
		{91678D5A-9064-4E74-9DD2-ADDBD0430FEB}.Debug|Win32.Build.0 = Debug|Win32
		{91678D5A-9064-4E74-9DD2-ADDBD0430FEB}.Debug|x64.ActiveCfg = Debug|x64
		{91678D5A-9064-4E74-9DD2-ADDBD0430FEB}.Debug|x64.Build.0 = Debug|x64
		{91678D5A-9064-4E74-9DD2-ADDBD0430FEB}.Release|ARM.ActiveCfg = Release|Win32
		{91678D5A-9064-4E74-9DD2-ADDBD0430FEB}.Release|ARM.Build.0 = Release|Win32
		{91678D5A-9064-4E74-9DD2-ADDBD0430FEB}.Release|ARM64.ActiveCfg = Release|Win32
		{91678D5A-9064-4E74-9DD2-ADDBD0430FEB}.Release|Win32.ActiveCfg = Release|Win32
		{91678D5A-9064-4E74-9DD2-ADDBD0430FEB}.Release|Win32.Build.0 = Release|Win32
		{91678D5A-9064-4E74-9DD2-ADDBD0430FEB}.Release|x64.ActiveCfg = Release|x64
		{91678D5A-9064-4E74-9DD2-ADDBD0430FEB}.Release|x64.Build.0 = Release|x64
		{53609BB3-D874-465C-AF7B-DF626DB0D89B}.Debug|ARM.ActiveCfg = Debug|Win32
		{53609BB3-D874-465C-AF7B-DF626DB0D89B}.Debug|ARM.Build.0 = Debug|Win32
		{53609BB3-D874-465C-AF7B-DF626DB0D89B}.Debug|ARM64.ActiveCfg = Debug|Win32
		{53609BB3-D874-465C-AF7B-DF626DB0D89B}.Debug|Win32.ActiveCfg = Debug|Win32
		{53609BB3-D874-465C-AF7B-DF626DB0D89B}.Debug|Win32.Build.0 = Debug|Win32
		{53609BB3-D874-465C-AF7B-DF626DB0D89B}.Debug|x64.ActiveCfg = Debug|x64
		{53609BB3-D874-465C-AF7B-DF626DB0D89B}.Debug|x64.Build.0 = Debug|x64
		{53609BB3-D874-465C-AF7B-DF626DB0D89B}.Release|ARM.ActiveCfg = Release|Win32
		{53609BB3-D874-465C-AF7B-DF626DB0D89B}.Release|ARM.Build.0 = Release|Win32
		{53609BB3-D874-465C-AF7B-DF626DB0D89B}.Release|ARM64.ActiveCfg = Release|Win32
		{53609BB3-D874-465C-AF7B-DF626DB0D89B}.Release|Win32.ActiveCfg = Release|Win32
		{53609BB3-D874-465C-AF7B-DF626DB0D89B}.Release|Win32.Build.0 = Release|Win32
		{53609BB3-D874-465C-AF7B-DF626DB0D89B}.Release|x64.ActiveCfg = Release|x64
		{53609BB3-D874-465C-AF7B-DF626DB0D89B}.Release|x64.Build.0 = Release|x64
		{465000B6-959F-4B72-A71B-425D586996D1}.Debug|ARM.ActiveCfg = Debug|Win32
		{465000B6-959F-4B72-A71B-425D586996D1}.Debug|ARM.Build.0 = Debug|Win32
		{465000B6-959F-4B72-A71B-425D586996D1}.Debug|ARM64.ActiveCfg = Debug|Win32
		{465000B6-959F-4B72-A71B-425D586996D1}.Debug|Win32.ActiveCfg = Debug|Win32
		{465000B6-959F-4B72-A71B-425D586996D1}.Debug|Win32.Build.0 = Debug|Win32
		{465000B6-959F-4B72-A71B-425D586996D1}.Debug|x64.ActiveCfg = Debug|x64
		{465000B6-959F-4B72-A71B-425D586996D1}.Debug|x64.Build.0 = Debug|x64
		{465000B6-959F-4B72-A71B-425D586996D1}.Release|ARM.ActiveCfg = Release|Win32
		{465000B6-959F-4B72-A71B-425D586996D1}.Release|ARM.Build.0 = Release|Win32
		{465000B6-959F-4B72-A71B-425D586996D1}.Release|ARM64.ActiveCfg = Release|Win32
		{465000B6-959F-4B72-A71B-425D586996D1}.Release|Win32.ActiveCfg = Release|Win32
		{465000B6-959F-4B72-A71B-425D586996D1}.Release|Win32.Build.0 = Release|Win32
		{465000B6-959F-4B72-A71B-425D586996D1}.Release|x64.ActiveCfg = Release|x64
		{465000B6-959F-4B72-A71B-425D586996D1}.Release|x64.Build.0 = Release|x64
		{61A46457-B235-7896-AC4B-647812FA181C}.Debug|ARM.ActiveCfg = Debug|Win32
		{61A46457-B235-7896-AC4B-647812FA181C}.Debug|ARM.Build.0 = Debug|Win32
		{61A46457-B235-7896-AC4B-647812FA181C}.Debug|ARM64.ActiveCfg = Debug|Win32
		{61A46457-B235-7896-AC4B-647812FA181C}.Debug|Win32.ActiveCfg = Debug|Win32
		{61A46457-B235-7896-AC4B-647812FA181C}.Debug|Win32.Build.0 = Debug|Win32
		{61A46457-B235-7896-AC4B-647812FA181C}.Debug|x64.ActiveCfg = Debug|x64
		{61A46457-B235-7896-AC4B-647812FA181C}.Debug|x64.Build.0 = Debug|x64
		{61A46457-B235-7896-AC4B-647812FA181C}.Release|ARM.ActiveCfg = Release|Win32
		{61A46457-B235-7896-AC4B-647812FA181C}.Release|ARM.Build.0 = Release|Win32
		{61A46457-B235-7896-AC4B-647812FA181C}.Release|ARM64.ActiveCfg = Release|Win32
		{61A46457-B235-7896-AC4B-647812FA181C}.Release|Win32.ActiveCfg = Release|Win32
		{61A46457-B235-7896-AC4B-647812FA181C}.Release|Win32.Build.0 = Release|Win32
		{61A46457-B235-7896-AC4B-647812FA181C}.Release|x64.ActiveCfg = Release|x64
		{61A46457-B235-7896-AC4B-647812FA181C}.Release|x64.Build.0 = Release|x64
		{2C7E83B9-123A-BCDF-97BA-FCF4D0728408}.Debug|ARM.ActiveCfg = Debug|x64
		{2C7E83B9-123A-BCDF-97BA-FCF4D0728408}.Debug|ARM.Build.0 = Debug|x64
		{2C7E83B9-123A-BCDF-97BA-FCF4D0728408}.Debug|ARM64.ActiveCfg = Debug|Win32
		{2C7E83B9-123A-BCDF-97BA-FCF4D0728408}.Debug|Win32.ActiveCfg = Debug|Win32
		{2C7E83B9-123A-BCDF-97BA-FCF4D0728408}.Debug|Win32.Build.0 = Debug|Win32
		{2C7E83B9-123A-BCDF-97BA-FCF4D0728408}.Debug|x64.ActiveCfg = Debug|x64
		{2C7E83B9-123A-BCDF-97BA-FCF4D0728408}.Debug|x64.Build.0 = Debug|x64
		{2C7E83B9-123A-BCDF-97BA-FCF4D0728408}.Release|ARM.ActiveCfg = Release|x64
		{2C7E83B9-123A-BCDF-97BA-FCF4D0728408}.Release|ARM.Build.0 = Release|x64
		{2C7E83B9-123A-BCDF-97BA-FCF4D0728408}.Release|ARM64.ActiveCfg = Release|Win32
		{2C7E83B9-123A-BCDF-97BA-FCF4D0728408}.Release|Win32.ActiveCfg = Release|Win32
		{2C7E83B9-123A-BCDF-97BA-FCF4D0728408}.Release|Win32.Build.0 = Release|Win32
		{2C7E83B9-123A-BCDF-97BA-FCF4D0728408}.Release|x64.ActiveCfg = Release|x64
		{2C7E83B9-123A-BCDF-97BA-FCF4D0728408}.Release|x64.Build.0 = Release|x64
		{2C7E83B9-7FE8-432A-97BA-FCF4D0728408}.Debug|ARM.ActiveCfg = Debug|x64
		{2C7E83B9-7FE8-432A-97BA-FCF4D0728408}.Debug|ARM.Build.0 = Debug|x64
		{2C7E83B9-7FE8-432A-97BA-FCF4D0728408}.Debug|ARM64.ActiveCfg = Debug|Win32
		{2C7E83B9-7FE8-432A-97BA-FCF4D0728408}.Debug|Win32.ActiveCfg = Debug|Win32
		{2C7E83B9-7FE8-432A-97BA-FCF4D0728408}.Debug|Win32.Build.0 = Debug|Win32
		{2C7E83B9-7FE8-432A-97BA-FCF4D0728408}.Debug|x64.ActiveCfg = Debug|x64
		{2C7E83B9-7FE8-432A-97BA-FCF4D0728408}.Debug|x64.Build.0 = Debug|x64
		{2C7E83B9-7FE8-432A-97BA-FCF4D0728408}.Release|ARM.ActiveCfg = Release|x64
		{2C7E83B9-7FE8-432A-97BA-FCF4D0728408}.Release|ARM.Build.0 = Release|x64
		{2C7E83B9-7FE8-432A-97BA-FCF4D0728408}.Release|ARM64.ActiveCfg = Release|Win32
		{2C7E83B9-7FE8-432A-97BA-FCF4D0728408}.Release|Win32.ActiveCfg = Release|Win32
		{2C7E83B9-7FE8-432A-97BA-FCF4D0728408}.Release|Win32.Build.0 = Release|Win32
		{2C7E83B9-7FE8-432A-97BA-FCF4D0728408}.Release|x64.ActiveCfg = Release|x64
		{2C7E83B9-7FE8-432A-97BA-FCF4D0728408}.Release|x64.Build.0 = Release|x64
		{5EEFE977-C56D-462F-BDEE-12A5452EB8CC}.Debug|ARM.ActiveCfg = Debug|x64
		{5EEFE977-C56D-462F-BDEE-12A5452EB8CC}.Debug|ARM.Build.0 = Debug|x64
		{5EEFE977-C56D-462F-BDEE-12A5452EB8CC}.Debug|ARM64.ActiveCfg = Debug|Win32
		{5EEFE977-C56D-462F-BDEE-12A5452EB8CC}.Debug|Win32.ActiveCfg = Debug|Win32
		{5EEFE977-C56D-462F-BDEE-12A5452EB8CC}.Debug|Win32.Build.0 = Debug|Win32
		{5EEFE977-C56D-462F-BDEE-12A5452EB8CC}.Debug|x64.ActiveCfg = Debug|x64
		{5EEFE977-C56D-462F-BDEE-12A5452EB8CC}.Debug|x64.Build.0 = Debug|x64
		{5EEFE977-C56D-462F-BDEE-12A5452EB8CC}.Release|ARM.ActiveCfg = Release|x64
		{5EEFE977-C56D-462F-BDEE-12A5452EB8CC}.Release|ARM.Build.0 = Release|x64
		{5EEFE977-C56D-462F-BDEE-12A5452EB8CC}.Release|ARM64.ActiveCfg = Release|Win32
		{5EEFE977-C56D-462F-BDEE-12A5452EB8CC}.Release|Win32.ActiveCfg = Release|Win32
		{5EEFE977-C56D-462F-BDEE-12A5452EB8CC}.Release|Win32.Build.0 = Release|Win32
		{5EEFE977-C56D-462F-BDEE-12A5452EB8CC}.Release|x64.ActiveCfg = Release|x64
		{5EEFE977-C56D-462F-BDEE-12A5452EB8CC}.Release|x64.Build.0 = Release|x64
		{E4F20CD2-0E72-4264-8A7F-3669C8FBBF5F}.Debug|ARM.ActiveCfg = Debug|Win32
		{E4F20CD2-0E72-4264-8A7F-3669C8FBBF5F}.Debug|ARM.Build.0 = Debug|Win32
		{E4F20CD2-0E72-4264-8A7F-3669C8FBBF5F}.Debug|ARM64.ActiveCfg = Debug|Win32
		{E4F20CD2-0E72-4264-8A7F-3669C8FBBF5F}.Debug|Win32.ActiveCfg = Debug|Win32
		{E4F20CD2-0E72-4264-8A7F-3669C8FBBF5F}.Debug|Win32.Build.0 = Debug|Win32
		{E4F20CD2-0E72-4264-8A7F-3669C8FBBF5F}.Debug|x64.ActiveCfg = Debug|x64
		{E4F20CD2-0E72-4264-8A7F-3669C8FBBF5F}.Debug|x64.Build.0 = Debug|x64
		{E4F20CD2-0E72-4264-8A7F-3669C8FBBF5F}.Release|ARM.ActiveCfg = Release|Win32
		{E4F20CD2-0E72-4264-8A7F-3669C8FBBF5F}.Release|ARM.Build.0 = Release|Win32
		{E4F20CD2-0E72-4264-8A7F-3669C8FBBF5F}.Release|ARM64.ActiveCfg = Release|Win32
		{E4F20CD2-0E72-4264-8A7F-3669C8FBBF5F}.Release|Win32.ActiveCfg = Release|Win32
		{E4F20CD2-0E72-4264-8A7F-3669C8FBBF5F}.Release|Win32.Build.0 = Release|Win32
		{E4F20CD2-0E72-4264-8A7F-3669C8FBBF5F}.Release|x64.ActiveCfg = Release|x64
		{E4F20CD2-0E72-4264-8A7F-3669C8FBBF5F}.Release|x64.Build.0 = Release|x64
		{1EBC7A53-4677-4C3A-8D4A-49D301F17D85}.Debug|ARM.ActiveCfg = Debug|x64
		{1EBC7A53-4677-4C3A-8D4A-49D301F17D85}.Debug|ARM.Build.0 = Debug|x64
		{1EBC7A53-4677-4C3A-8D4A-49D301F17D85}.Debug|ARM64.ActiveCfg = Debug|Win32
		{1EBC7A53-4677-4C3A-8D4A-49D301F17D85}.Debug|Win32.ActiveCfg = Debug|Win32
		{1EBC7A53-4677-4C3A-8D4A-49D301F17D85}.Debug|Win32.Build.0 = Debug|Win32
		{1EBC7A53-4677-4C3A-8D4A-49D301F17D85}.Debug|x64.ActiveCfg = Debug|x64
		{1EBC7A53-4677-4C3A-8D4A-49D301F17D85}.Debug|x64.Build.0 = Debug|x64
		{1EBC7A53-4677-4C3A-8D4A-49D301F17D85}.Release|ARM.ActiveCfg = Release|x64
		{1EBC7A53-4677-4C3A-8D4A-49D301F17D85}.Release|ARM.Build.0 = Release|x64
		{1EBC7A53-4677-4C3A-8D4A-49D301F17D85}.Release|ARM64.ActiveCfg = Release|Win32
		{1EBC7A53-4677-4C3A-8D4A-49D301F17D85}.Release|Win32.ActiveCfg = Release|Win32
		{1EBC7A53-4677-4C3A-8D4A-49D301F17D85}.Release|Win32.Build.0 = Release|Win32
		{1EBC7A53-4677-4C3A-8D4A-49D301F17D85}.Release|x64.ActiveCfg = Release|x64
		{1EBC7A53-4677-4C3A-8D4A-49D301F17D85}.Release|x64.Build.0 = Release|x64
		{1EBC7A53-4677-75D7-8D4A-49D301F17D85}.Debug|ARM.ActiveCfg = Debug|x64
		{1EBC7A53-4677-75D7-8D4A-49D301F17D85}.Debug|ARM.Build.0 = Debug|x64
		{1EBC7A53-4677-75D7-8D4A-49D301F17D85}.Debug|ARM64.ActiveCfg = Debug|Win32
		{1EBC7A53-4677-75D7-8D4A-49D301F17D85}.Debug|Win32.ActiveCfg = Debug|Win32
		{1EBC7A53-4677-75D7-8D4A-49D301F17D85}.Debug|Win32.Build.0 = Debug|Win32
		{1EBC7A53-4677-75D7-8D4A-49D301F17D85}.Debug|x64.ActiveCfg = Debug|x64
		{1EBC7A53-4677-75D7-8D4A-49D301F17D85}.Debug|x64.Build.0 = Debug|x64
		{1EBC7A53-4677-75D7-8D4A-49D301F17D85}.Release|ARM.ActiveCfg = Release|x64
		{1EBC7A53-4677-75D7-8D4A-49D301F17D85}.Release|ARM.Build.0 = Release|x64
		{1EBC7A53-4677-75D7-8D4A-49D301F17D85}.Release|ARM64.ActiveCfg = Release|Win32
		{1EBC7A53-4677-75D7-8D4A-49D301F17D85}.Release|Win32.ActiveCfg = Release|Win32
		{1EBC7A53-4677-75D7-8D4A-49D301F17D85}.Release|Win32.Build.0 = Release|Win32
		{1EBC7A53-4677-75D7-8D4A-49D301F17D85}.Release|x64.ActiveCfg = Release|x64
		{1EBC7A53-4677-75D7-8D4A-49D301F17D85}.Release|x64.Build.0 = Release|x64
		{EF1B9445-ECF9-420E-9FA9-C040A84F7322}.Debug|ARM.ActiveCfg = Debug|Win32
		{EF1B9445-ECF9-420E-9FA9-C040A84F7322}.Debug|ARM.Build.0 = Debug|Win32
		{EF1B9445-ECF9-420E-9FA9-C040A84F7322}.Debug|ARM64.ActiveCfg = Debug|Win32
		{EF1B9445-ECF9-420E-9FA9-C040A84F7322}.Debug|Win32.ActiveCfg = Debug|Win32
		{EF1B9445-ECF9-420E-9FA9-C040A84F7322}.Debug|Win32.Build.0 = Debug|Win32
		{EF1B9445-ECF9-420E-9FA9-C040A84F7322}.Debug|x64.ActiveCfg = Debug|x64
		{EF1B9445-ECF9-420E-9FA9-C040A84F7322}.Debug|x64.Build.0 = Debug|x64
		{EF1B9445-ECF9-420E-9FA9-C040A84F7322}.Release|ARM.ActiveCfg = Release|Win32
		{EF1B9445-ECF9-420E-9FA9-C040A84F7322}.Release|ARM.Build.0 = Release|Win32
		{EF1B9445-ECF9-420E-9FA9-C040A84F7322}.Release|ARM64.ActiveCfg = Release|Win32
		{EF1B9445-ECF9-420E-9FA9-C040A84F7322}.Release|Win32.ActiveCfg = Release|Win32
		{EF1B9445-ECF9-420E-9FA9-C040A84F7322}.Release|Win32.Build.0 = Release|Win32
		{EF1B9445-ECF9-420E-9FA9-C040A84F7322}.Release|x64.ActiveCfg = Release|x64
		{EF1B9445-ECF9-420E-9FA9-C040A84F7322}.Release|x64.Build.0 = Release|x64
		{0A12BCDE-4F00-5637-8901-067292C84EDB}.Debug|ARM.ActiveCfg = Debug|x64
		{0A12BCDE-4F00-5637-8901-067292C84EDB}.Debug|ARM.Build.0 = Debug|x64
		{0A12BCDE-4F00-5637-8901-067292C84EDB}.Debug|ARM64.ActiveCfg = Debug|Win32
		{0A12BCDE-4F00-5637-8901-067292C84EDB}.Debug|Win32.ActiveCfg = Debug|Win32
		{0A12BCDE-4F00-5637-8901-067292C84EDB}.Debug|Win32.Build.0 = Debug|Win32
		{0A12BCDE-4F00-5637-8901-067292C84EDB}.Debug|x64.ActiveCfg = Debug|x64
		{0A12BCDE-4F00-5637-8901-067292C84EDB}.Debug|x64.Build.0 = Debug|x64
		{0A12BCDE-4F00-5637-8901-067292C84EDB}.Release|ARM.ActiveCfg = Release|x64
		{0A12BCDE-4F00-5637-8901-067292C84EDB}.Release|ARM.Build.0 = Release|x64
		{0A12BCDE-4F00-5637-8901-067292C84EDB}.Release|ARM64.ActiveCfg = Release|Win32
		{0A12BCDE-4F00-5637-8901-067292C84EDB}.Release|Win32.ActiveCfg = Release|Win32
		{0A12BCDE-4F00-5637-8901-067292C84EDB}.Release|Win32.Build.0 = Release|Win32
		{0A12BCDE-4F00-5637-8901-067292C84EDB}.Release|x64.ActiveCfg = Release|x64
		{0A12BCDE-4F00-5637-8901-067292C84EDB}.Release|x64.Build.0 = Release|x64
		{9B245550-2DC3-4A2E-870B-9E165EDC3916}.Debug|ARM.ActiveCfg = Debug|Win32
		{9B245550-2DC3-4A2E-870B-9E165EDC3916}.Debug|ARM.Build.0 = Debug|Win32
		{9B245550-2DC3-4A2E-870B-9E165EDC3916}.Debug|ARM64.ActiveCfg = Debug|Win32
		{9B245550-2DC3-4A2E-870B-9E165EDC3916}.Debug|Win32.ActiveCfg = Debug|Win32
		{9B245550-2DC3-4A2E-870B-9E165EDC3916}.Debug|Win32.Build.0 = Debug|Win32
		{9B245550-2DC3-4A2E-870B-9E165EDC3916}.Debug|x64.ActiveCfg = Debug|x64
		{9B245550-2DC3-4A2E-870B-9E165EDC3916}.Debug|x64.Build.0 = Debug|x64
		{9B245550-2DC3-4A2E-870B-9E165EDC3916}.Release|ARM.ActiveCfg = Release|Win32
		{9B245550-2DC3-4A2E-870B-9E165EDC3916}.Release|ARM.Build.0 = Release|Win32
		{9B245550-2DC3-4A2E-870B-9E165EDC3916}.Release|ARM64.ActiveCfg = Release|Win32
		{9B245550-2DC3-4A2E-870B-9E165EDC3916}.Release|Win32.ActiveCfg = Release|Win32
		{9B245550-2DC3-4A2E-870B-9E165EDC3916}.Release|Win32.Build.0 = Release|Win32
		{9B245550-2DC3-4A2E-870B-9E165EDC3916}.Release|x64.ActiveCfg = Release|x64
		{9B245550-2DC3-4A2E-870B-9E165EDC3916}.Release|x64.Build.0 = Release|x64
		{0C80BBEE-1B00-4567-1234-067292C84EDB}.Debug|ARM.ActiveCfg = Debug|x64
		{0C80BBEE-1B00-4567-1234-067292C84EDB}.Debug|ARM.Build.0 = Debug|x64
		{0C80BBEE-1B00-4567-1234-067292C84EDB}.Debug|ARM64.ActiveCfg = Debug|Win32
		{0C80BBEE-1B00-4567-1234-067292C84EDB}.Debug|Win32.ActiveCfg = Debug|Win32
		{0C80BBEE-1B00-4567-1234-067292C84EDB}.Debug|Win32.Build.0 = Debug|Win32
		{0C80BBEE-1B00-4567-1234-067292C84EDB}.Debug|x64.ActiveCfg = Debug|x64
		{0C80BBEE-1B00-4567-1234-067292C84EDB}.Debug|x64.Build.0 = Debug|x64
		{0C80BBEE-1B00-4567-1234-067292C84EDB}.Release|ARM.ActiveCfg = Release|x64
		{0C80BBEE-1B00-4567-1234-067292C84EDB}.Release|ARM.Build.0 = Release|x64
		{0C80BBEE-1B00-4567-1234-067292C84EDB}.Release|ARM64.ActiveCfg = Release|Win32
		{0C80BBEE-1B00-4567-1234-067292C84EDB}.Release|Win32.ActiveCfg = Release|Win32
		{0C80BBEE-1B00-4567-1234-067292C84EDB}.Release|Win32.Build.0 = Release|Win32
		{0C80BBEE-1B00-4567-1234-067292C84EDB}.Release|x64.ActiveCfg = Release|x64
		{0C80BBEE-1B00-4567-1234-067292C84EDB}.Release|x64.Build.0 = Release|x64
		{651DBAB5-138E-4BCE-B0D1-EA7CB249DA89}.Debug|ARM.ActiveCfg = Debug|Win32
		{651DBAB5-138E-4BCE-B0D1-EA7CB249DA89}.Debug|ARM.Build.0 = Debug|Win32
		{651DBAB5-138E-4BCE-B0D1-EA7CB249DA89}.Debug|ARM64.ActiveCfg = Debug|Win32
		{651DBAB5-138E-4BCE-B0D1-EA7CB249DA89}.Debug|Win32.ActiveCfg = Debug|Win32
		{651DBAB5-138E-4BCE-B0D1-EA7CB249DA89}.Debug|Win32.Build.0 = Debug|Win32
		{651DBAB5-138E-4BCE-B0D1-EA7CB249DA89}.Debug|x64.ActiveCfg = Debug|x64
		{651DBAB5-138E-4BCE-B0D1-EA7CB249DA89}.Debug|x64.Build.0 = Debug|x64
		{651DBAB5-138E-4BCE-B0D1-EA7CB249DA89}.Release|ARM.ActiveCfg = Release|Win32
		{651DBAB5-138E-4BCE-B0D1-EA7CB249DA89}.Release|ARM.Build.0 = Release|Win32
		{651DBAB5-138E-4BCE-B0D1-EA7CB249DA89}.Release|ARM64.ActiveCfg = Release|Win32
		{651DBAB5-138E-4BCE-B0D1-EA7CB249DA89}.Release|Win32.ActiveCfg = Release|Win32
		{651DBAB5-138E-4BCE-B0D1-EA7CB249DA89}.Release|Win32.Build.0 = Release|Win32
		{651DBAB5-138E-4BCE-B0D1-EA7CB249DA89}.Release|x64.ActiveCfg = Release|x64
		{651DBAB5-138E-4BCE-B0D1-EA7CB249DA89}.Release|x64.Build.0 = Release|x64
		{0C687B48-0821-4E80-BE4F-D4A6DB0FB47D}.Debug|ARM.ActiveCfg = Debug|x64
		{0C687B48-0821-4E80-BE4F-D4A6DB0FB47D}.Debug|ARM.Build.0 = Debug|x64
		{0C687B48-0821-4E80-BE4F-D4A6DB0FB47D}.Debug|ARM64.ActiveCfg = Debug|Win32
		{0C687B48-0821-4E80-BE4F-D4A6DB0FB47D}.Debug|Win32.ActiveCfg = Debug|Win32
		{0C687B48-0821-4E80-BE4F-D4A6DB0FB47D}.Debug|Win32.Build.0 = Debug|Win32
		{0C687B48-0821-4E80-BE4F-D4A6DB0FB47D}.Debug|x64.ActiveCfg = Debug|x64
		{0C687B48-0821-4E80-BE4F-D4A6DB0FB47D}.Debug|x64.Build.0 = Debug|x64
		{0C687B48-0821-4E80-BE4F-D4A6DB0FB47D}.Release|ARM.ActiveCfg = Release|x64
		{0C687B48-0821-4E80-BE4F-D4A6DB0FB47D}.Release|ARM.Build.0 = Release|x64
		{0C687B48-0821-4E80-BE4F-D4A6DB0FB47D}.Release|ARM64.ActiveCfg = Release|Win32
		{0C687B48-0821-4E80-BE4F-D4A6DB0FB47D}.Release|Win32.ActiveCfg = Release|Win32
		{0C687B48-0821-4E80-BE4F-D4A6DB0FB47D}.Release|Win32.Build.0 = Release|Win32
		{0C687B48-0821-4E80-BE4F-D4A6DB0FB47D}.Release|x64.ActiveCfg = Release|x64
		{0C687B48-0821-4E80-BE4F-D4A6DB0FB47D}.Release|x64.Build.0 = Release|x64
		{877A0F1F-CC4E-45FD-9A28-1DC3EFDBDE27}.Debug|ARM.ActiveCfg = Debug|x64
		{877A0F1F-CC4E-45FD-9A28-1DC3EFDBDE27}.Debug|ARM.Build.0 = Debug|x64
		{877A0F1F-CC4E-45FD-9A28-1DC3EFDBDE27}.Debug|ARM64.ActiveCfg = Debug|Win32
		{877A0F1F-CC4E-45FD-9A28-1DC3EFDBDE27}.Debug|Win32.ActiveCfg = Debug|Win32
		{877A0F1F-CC4E-45FD-9A28-1DC3EFDBDE27}.Debug|Win32.Build.0 = Debug|Win32
		{877A0F1F-CC4E-45FD-9A28-1DC3EFDBDE27}.Debug|x64.ActiveCfg = Debug|x64
		{877A0F1F-CC4E-45FD-9A28-1DC3EFDBDE27}.Debug|x64.Build.0 = Debug|x64
		{877A0F1F-CC4E-45FD-9A28-1DC3EFDBDE27}.Release|ARM.ActiveCfg = Release|x64
		{877A0F1F-CC4E-45FD-9A28-1DC3EFDBDE27}.Release|ARM.Build.0 = Release|x64
		{877A0F1F-CC4E-45FD-9A28-1DC3EFDBDE27}.Release|ARM64.ActiveCfg = Release|Win32
		{877A0F1F-CC4E-45FD-9A28-1DC3EFDBDE27}.Release|Win32.ActiveCfg = Release|Win32
		{877A0F1F-CC4E-45FD-9A28-1DC3EFDBDE27}.Release|Win32.Build.0 = Release|Win32
		{877A0F1F-CC4E-45FD-9A28-1DC3EFDBDE27}.Release|x64.ActiveCfg = Release|x64
		{877A0F1F-CC4E-45FD-9A28-1DC3EFDBDE27}.Release|x64.Build.0 = Release|x64
		{84A1F2D5-7183-46C2-8690-D3762F678017}.Debug|ARM.ActiveCfg = Debug|x64
		{84A1F2D5-7183-46C2-8690-D3762F678017}.Debug|ARM.Build.0 = Debug|x64
		{84A1F2D5-7183-46C2-8690-D3762F678017}.Debug|ARM64.ActiveCfg = Debug|Win32
		{84A1F2D5-7183-46C2-8690-D3762F678017}.Debug|Win32.ActiveCfg = Debug|Win32
		{84A1F2D5-7183-46C2-8690-D3762F678017}.Debug|Win32.Build.0 = Debug|Win32
		{84A1F2D5-7183-46C2-8690-D3762F678017}.Debug|x64.ActiveCfg = Debug|x64
		{84A1F2D5-7183-46C2-8690-D3762F678017}.Debug|x64.Build.0 = Debug|x64
		{84A1F2D5-7183-46C2-8690-D3762F678017}.Release|ARM.ActiveCfg = Release|x64
		{84A1F2D5-7183-46C2-8690-D3762F678017}.Release|ARM.Build.0 = Release|x64
		{84A1F2D5-7183-46C2-8690-D3762F678017}.Release|ARM64.ActiveCfg = Release|Win32
		{84A1F2D5-7183-46C2-8690-D3762F678017}.Release|Win32.ActiveCfg = Release|Win32
		{84A1F2D5-7183-46C2-8690-D3762F678017}.Release|Win32.Build.0 = Release|Win32
		{84A1F2D5-7183-46C2-8690-D3762F678017}.Release|x64.ActiveCfg = Release|x64
		{84A1F2D5-7183-46C2-8690-D3762F678017}.Release|x64.Build.0 = Release|x64
		{02DBCF4A-1005-4B55-9E3C-2BDE14C2BBDC}.Debug|ARM.ActiveCfg = Debug|x64
		{02DBCF4A-1005-4B55-9E3C-2BDE14C2BBDC}.Debug|ARM.Build.0 = Debug|x64
		{02DBCF4A-1005-4B55-9E3C-2BDE14C2BBDC}.Debug|ARM64.ActiveCfg = Debug|Win32
		{02DBCF4A-1005-4B55-9E3C-2BDE14C2BBDC}.Debug|Win32.ActiveCfg = Debug|Win32
		{02DBCF4A-1005-4B55-9E3C-2BDE14C2BBDC}.Debug|Win32.Build.0 = Debug|Win32
		{02DBCF4A-1005-4B55-9E3C-2BDE14C2BBDC}.Debug|x64.ActiveCfg = Debug|x64
		{02DBCF4A-1005-4B55-9E3C-2BDE14C2BBDC}.Debug|x64.Build.0 = Debug|x64
		{02DBCF4A-1005-4B55-9E3C-2BDE14C2BBDC}.Release|ARM.ActiveCfg = Release|x64
		{02DBCF4A-1005-4B55-9E3C-2BDE14C2BBDC}.Release|ARM.Build.0 = Release|x64
		{02DBCF4A-1005-4B55-9E3C-2BDE14C2BBDC}.Release|ARM64.ActiveCfg = Release|Win32
		{02DBCF4A-1005-4B55-9E3C-2BDE14C2BBDC}.Release|Win32.ActiveCfg = Release|Win32
		{02DBCF4A-1005-4B55-9E3C-2BDE14C2BBDC}.Release|Win32.Build.0 = Release|Win32
		{02DBCF4A-1005-4B55-9E3C-2BDE14C2BBDC}.Release|x64.ActiveCfg = Release|x64
		{02DBCF4A-1005-4B55-9E3C-2BDE14C2BBDC}.Release|x64.Build.0 = Release|x64
		{66E3CE14-884D-4AEA-9F20-15A0BEAF8C5A}.Debug|ARM.ActiveCfg = Debug|x64
		{66E3CE14-884D-4AEA-9F20-15A0BEAF8C5A}.Debug|ARM.Build.0 = Debug|x64
		{66E3CE14-884D-4AEA-9F20-15A0BEAF8C5A}.Debug|ARM64.ActiveCfg = Debug|Win32
		{66E3CE14-884D-4AEA-9F20-15A0BEAF8C5A}.Debug|Win32.ActiveCfg = Debug|Win32
		{66E3CE14-884D-4AEA-9F20-15A0BEAF8C5A}.Debug|Win32.Build.0 = Debug|Win32
		{66E3CE14-884D-4AEA-9F20-15A0BEAF8C5A}.Debug|x64.ActiveCfg = Debug|x64
		{66E3CE14-884D-4AEA-9F20-15A0BEAF8C5A}.Debug|x64.Build.0 = Debug|x64
		{66E3CE14-884D-4AEA-9F20-15A0BEAF8C5A}.Release|ARM.ActiveCfg = Release|x64
		{66E3CE14-884D-4AEA-9F20-15A0BEAF8C5A}.Release|ARM.Build.0 = Release|x64
		{66E3CE14-884D-4AEA-9F20-15A0BEAF8C5A}.Release|ARM64.ActiveCfg = Release|Win32
		{66E3CE14-884D-4AEA-9F20-15A0BEAF8C5A}.Release|Win32.ActiveCfg = Release|Win32
		{66E3CE14-884D-4AEA-9F20-15A0BEAF8C5A}.Release|Win32.Build.0 = Release|Win32
		{66E3CE14-884D-4AEA-9F20-15A0BEAF8C5A}.Release|x64.ActiveCfg = Release|x64
		{66E3CE14-884D-4AEA-9F20-15A0BEAF8C5A}.Release|x64.Build.0 = Release|x64
		{42A210A8-4E51-4D6A-9FAC-5C0E6B19FD4D}.Debug|ARM.ActiveCfg = Debug|x64
		{42A210A8-4E51-4D6A-9FAC-5C0E6B19FD4D}.Debug|ARM.Build.0 = Debug|x64
		{42A210A8-4E51-4D6A-9FAC-5C0E6B19FD4D}.Debug|ARM64.ActiveCfg = Debug|Win32
		{42A210A8-4E51-4D6A-9FAC-5C0E6B19FD4D}.Debug|Win32.ActiveCfg = Debug|Win32
		{42A210A8-4E51-4D6A-9FAC-5C0E6B19FD4D}.Debug|Win32.Build.0 = Debug|Win32
		{42A210A8-4E51-4D6A-9FAC-5C0E6B19FD4D}.Debug|x64.ActiveCfg = Debug|x64
		{42A210A8-4E51-4D6A-9FAC-5C0E6B19FD4D}.Debug|x64.Build.0 = Debug|x64
		{42A210A8-4E51-4D6A-9FAC-5C0E6B19FD4D}.Release|ARM.ActiveCfg = Release|x64
		{42A210A8-4E51-4D6A-9FAC-5C0E6B19FD4D}.Release|ARM.Build.0 = Release|x64
		{42A210A8-4E51-4D6A-9FAC-5C0E6B19FD4D}.Release|ARM64.ActiveCfg = Release|Win32
		{42A210A8-4E51-4D6A-9FAC-5C0E6B19FD4D}.Release|Win32.ActiveCfg = Release|Win32
		{42A210A8-4E51-4D6A-9FAC-5C0E6B19FD4D}.Release|Win32.Build.0 = Release|Win32
		{42A210A8-4E51-4D6A-9FAC-5C0E6B19FD4D}.Release|x64.ActiveCfg = Release|x64
		{42A210A8-4E51-4D6A-9FAC-5C0E6B19FD4D}.Release|x64.Build.0 = Release|x64
		{E541C9BE-13BC-4CE6-A0A4-31145F51A2C1}.Debug|ARM.ActiveCfg = Debug|x64
		{E541C9BE-13BC-4CE6-A0A4-31145F51A2C1}.Debug|ARM.Build.0 = Debug|x64
		{E541C9BE-13BC-4CE6-A0A4-31145F51A2C1}.Debug|ARM64.ActiveCfg = Debug|ARM64
		{E541C9BE-13BC-4CE6-A0A4-31145F51A2C1}.Debug|ARM64.Build.0 = Debug|ARM64
		{E541C9BE-13BC-4CE6-A0A4-31145F51A2C1}.Debug|Win32.ActiveCfg = Debug|Win32
		{E541C9BE-13BC-4CE6-A0A4-31145F51A2C1}.Debug|Win32.Build.0 = Debug|Win32
		{E541C9BE-13BC-4CE6-A0A4-31145F51A2C1}.Debug|x64.ActiveCfg = Debug|x64
		{E541C9BE-13BC-4CE6-A0A4-31145F51A2C1}.Debug|x64.Build.0 = Debug|x64
		{E541C9BE-13BC-4CE6-A0A4-31145F51A2C1}.Release|ARM.ActiveCfg = Release|x64
		{E541C9BE-13BC-4CE6-A0A4-31145F51A2C1}.Release|ARM.Build.0 = Release|x64
		{E541C9BE-13BC-4CE6-A0A4-31145F51A2C1}.Release|ARM64.ActiveCfg = Release|ARM64
		{E541C9BE-13BC-4CE6-A0A4-31145F51A2C1}.Release|ARM64.Build.0 = Release|ARM64
		{E541C9BE-13BC-4CE6-A0A4-31145F51A2C1}.Release|Win32.ActiveCfg = Release|Win32
		{E541C9BE-13BC-4CE6-A0A4-31145F51A2C1}.Release|Win32.Build.0 = Release|Win32
		{E541C9BE-13BC-4CE6-A0A4-31145F51A2C1}.Release|x64.ActiveCfg = Release|x64
		{E541C9BE-13BC-4CE6-A0A4-31145F51A2C1}.Release|x64.Build.0 = Release|x64
		{1EBC7A53-4677-5555-2222-49D301157985}.Debug|ARM.ActiveCfg = Debug|x64
		{1EBC7A53-4677-5555-2222-49D301157985}.Debug|ARM.Build.0 = Debug|x64
		{1EBC7A53-4677-5555-2222-49D301157985}.Debug|ARM64.ActiveCfg = Debug|Win32
		{1EBC7A53-4677-5555-2222-49D301157985}.Debug|Win32.ActiveCfg = Debug|Win32
		{1EBC7A53-4677-5555-2222-49D301157985}.Debug|Win32.Build.0 = Debug|Win32
		{1EBC7A53-4677-5555-2222-49D301157985}.Debug|x64.ActiveCfg = Debug|x64
		{1EBC7A53-4677-5555-2222-49D301157985}.Debug|x64.Build.0 = Debug|x64
		{1EBC7A53-4677-5555-2222-49D301157985}.Release|ARM.ActiveCfg = Release|x64
		{1EBC7A53-4677-5555-2222-49D301157985}.Release|ARM.Build.0 = Release|x64
		{1EBC7A53-4677-5555-2222-49D301157985}.Release|ARM64.ActiveCfg = Debug|x64
		{1EBC7A53-4677-5555-2222-49D301157985}.Release|ARM64.Build.0 = Debug|x64
		{1EBC7A53-4677-5555-2222-49D301157985}.Release|Win32.ActiveCfg = Release|Win32
		{1EBC7A53-4677-5555-2222-49D301157985}.Release|Win32.Build.0 = Release|Win32
		{1EBC7A53-4677-5555-2222-49D301157985}.Release|x64.ActiveCfg = Release|x64
		{1EBC7A53-4677-5555-2222-49D301157985}.Release|x64.Build.0 = Release|x64
		{B4823266-DF8C-4EFB-91C0-C7688C234EAC}.Debug|ARM.ActiveCfg = Debug|x64
		{B4823266-DF8C-4EFB-91C0-C7688C234EAC}.Debug|ARM.Build.0 = Debug|x64
		{B4823266-DF8C-4EFB-91C0-C7688C234EAC}.Debug|ARM64.ActiveCfg = Debug|Win32
		{B4823266-DF8C-4EFB-91C0-C7688C234EAC}.Debug|Win32.ActiveCfg = Debug|Win32
		{B4823266-DF8C-4EFB-91C0-C7688C234EAC}.Debug|Win32.Build.0 = Debug|Win32
		{B4823266-DF8C-4EFB-91C0-C7688C234EAC}.Debug|x64.ActiveCfg = Debug|x64
		{B4823266-DF8C-4EFB-91C0-C7688C234EAC}.Debug|x64.Build.0 = Debug|x64
		{B4823266-DF8C-4EFB-91C0-C7688C234EAC}.Release|ARM.ActiveCfg = Release|x64
		{B4823266-DF8C-4EFB-91C0-C7688C234EAC}.Release|ARM.Build.0 = Release|x64
		{B4823266-DF8C-4EFB-91C0-C7688C234EAC}.Release|ARM64.ActiveCfg = Debug|x64
		{B4823266-DF8C-4EFB-91C0-C7688C234EAC}.Release|ARM64.Build.0 = Debug|x64
		{B4823266-DF8C-4EFB-91C0-C7688C234EAC}.Release|Win32.ActiveCfg = Release|Win32
		{B4823266-DF8C-4EFB-91C0-C7688C234EAC}.Release|Win32.Build.0 = Release|Win32
		{B4823266-DF8C-4EFB-91C0-C7688C234EAC}.Release|x64.ActiveCfg = Release|x64
		{B4823266-DF8C-4EFB-91C0-C7688C234EAC}.Release|x64.Build.0 = Release|x64
		{01818D2C-65AF-4D5C-9452-4DFF401C6461}.Debug|ARM.ActiveCfg = Debug|x64
		{01818D2C-65AF-4D5C-9452-4DFF401C6461}.Debug|ARM.Build.0 = Debug|x64
		{01818D2C-65AF-4D5C-9452-4DFF401C6461}.Debug|ARM64.ActiveCfg = Debug|Win32
		{01818D2C-65AF-4D5C-9452-4DFF401C6461}.Debug|Win32.ActiveCfg = Debug|Win32
		{01818D2C-65AF-4D5C-9452-4DFF401C6461}.Debug|Win32.Build.0 = Debug|Win32
		{01818D2C-65AF-4D5C-9452-4DFF401C6461}.Debug|x64.ActiveCfg = Debug|x64
		{01818D2C-65AF-4D5C-9452-4DFF401C6461}.Debug|x64.Build.0 = Debug|x64
		{01818D2C-65AF-4D5C-9452-4DFF401C6461}.Release|ARM.ActiveCfg = Release|x64
		{01818D2C-65AF-4D5C-9452-4DFF401C6461}.Release|ARM.Build.0 = Release|x64
		{01818D2C-65AF-4D5C-9452-4DFF401C6461}.Release|ARM64.ActiveCfg = Debug|x64
		{01818D2C-65AF-4D5C-9452-4DFF401C6461}.Release|ARM64.Build.0 = Debug|x64
		{01818D2C-65AF-4D5C-9452-4DFF401C6461}.Release|Win32.ActiveCfg = Release|Win32
		{01818D2C-65AF-4D5C-9452-4DFF401C6461}.Release|Win32.Build.0 = Release|Win32
		{01818D2C-65AF-4D5C-9452-4DFF401C6461}.Release|x64.ActiveCfg = Release|x64
		{01818D2C-65AF-4D5C-9452-4DFF401C6461}.Release|x64.Build.0 = Release|x64
		{01818D2C-1234-4D5C-ABCD-4DFF401C6461}.Debug|ARM.ActiveCfg = Debug|x64
		{01818D2C-1234-4D5C-ABCD-4DFF401C6461}.Debug|ARM.Build.0 = Debug|x64
		{01818D2C-1234-4D5C-ABCD-4DFF401C6461}.Debug|ARM64.ActiveCfg = Debug|Win32
		{01818D2C-1234-4D5C-ABCD-4DFF401C6461}.Debug|Win32.ActiveCfg = Debug|Win32
		{01818D2C-1234-4D5C-ABCD-4DFF401C6461}.Debug|Win32.Build.0 = Debug|Win32
		{01818D2C-1234-4D5C-ABCD-4DFF401C6461}.Debug|x64.ActiveCfg = Debug|x64
		{01818D2C-1234-4D5C-ABCD-4DFF401C6461}.Debug|x64.Build.0 = Debug|x64
		{01818D2C-1234-4D5C-ABCD-4DFF401C6461}.Release|ARM.ActiveCfg = Release|x64
		{01818D2C-1234-4D5C-ABCD-4DFF401C6461}.Release|ARM.Build.0 = Release|x64
		{01818D2C-1234-4D5C-ABCD-4DFF401C6461}.Release|ARM64.ActiveCfg = Debug|x64
		{01818D2C-1234-4D5C-ABCD-4DFF401C6461}.Release|ARM64.Build.0 = Debug|x64
		{01818D2C-1234-4D5C-ABCD-4DFF401C6461}.Release|Win32.ActiveCfg = Release|Win32
		{01818D2C-1234-4D5C-ABCD-4DFF401C6461}.Release|Win32.Build.0 = Release|Win32
		{01818D2C-1234-4D5C-ABCD-4DFF401C6461}.Release|x64.ActiveCfg = Release|x64
		{01818D2C-1234-4D5C-ABCD-4DFF401C6461}.Release|x64.Build.0 = Release|x64
		{51A96255-7EAB-4F36-A6E5-1BAF6245FA18}.Debug|ARM.ActiveCfg = Debug|x64
		{51A96255-7EAB-4F36-A6E5-1BAF6245FA18}.Debug|ARM.Build.0 = Debug|x64
		{51A96255-7EAB-4F36-A6E5-1BAF6245FA18}.Debug|ARM64.ActiveCfg = Debug|Win32
		{51A96255-7EAB-4F36-A6E5-1BAF6245FA18}.Debug|Win32.ActiveCfg = Debug|Win32
		{51A96255-7EAB-4F36-A6E5-1BAF6245FA18}.Debug|Win32.Build.0 = Debug|Win32
		{51A96255-7EAB-4F36-A6E5-1BAF6245FA18}.Debug|x64.ActiveCfg = Debug|x64
		{51A96255-7EAB-4F36-A6E5-1BAF6245FA18}.Debug|x64.Build.0 = Debug|x64
		{51A96255-7EAB-4F36-A6E5-1BAF6245FA18}.Release|ARM.ActiveCfg = Release|x64
		{51A96255-7EAB-4F36-A6E5-1BAF6245FA18}.Release|ARM.Build.0 = Release|x64
		{51A96255-7EAB-4F36-A6E5-1BAF6245FA18}.Release|ARM64.ActiveCfg = Debug|x64
		{51A96255-7EAB-4F36-A6E5-1BAF6245FA18}.Release|ARM64.Build.0 = Debug|x64
		{51A96255-7EAB-4F36-A6E5-1BAF6245FA18}.Release|Win32.ActiveCfg = Release|Win32
		{51A96255-7EAB-4F36-A6E5-1BAF6245FA18}.Release|Win32.Build.0 = Release|Win32
		{51A96255-7EAB-4F36-A6E5-1BAF6245FA18}.Release|x64.ActiveCfg = Release|x64
		{51A96255-7EAB-4F36-A6E5-1BAF6245FA18}.Release|x64.Build.0 = Release|x64
		{53FC9752-81C1-4AA6-B366-A7890A2B81F6}.Debug|ARM.ActiveCfg = Debug|x64
		{53FC9752-81C1-4AA6-B366-A7890A2B81F6}.Debug|ARM.Build.0 = Debug|x64
		{53FC9752-81C1-4AA6-B366-A7890A2B81F6}.Debug|ARM64.ActiveCfg = Debug|Win32
		{53FC9752-81C1-4AA6-B366-A7890A2B81F6}.Debug|Win32.ActiveCfg = Debug|Win32
		{53FC9752-81C1-4AA6-B366-A7890A2B81F6}.Debug|Win32.Build.0 = Debug|Win32
		{53FC9752-81C1-4AA6-B366-A7890A2B81F6}.Debug|x64.ActiveCfg = Debug|x64
		{53FC9752-81C1-4AA6-B366-A7890A2B81F6}.Debug|x64.Build.0 = Debug|x64
		{53FC9752-81C1-4AA6-B366-A7890A2B81F6}.Release|ARM.ActiveCfg = Release|x64
		{53FC9752-81C1-4AA6-B366-A7890A2B81F6}.Release|ARM.Build.0 = Release|x64
		{53FC9752-81C1-4AA6-B366-A7890A2B81F6}.Release|ARM64.ActiveCfg = Debug|x64
		{53FC9752-81C1-4AA6-B366-A7890A2B81F6}.Release|ARM64.Build.0 = Debug|x64
		{53FC9752-81C1-4AA6-B366-A7890A2B81F6}.Release|Win32.ActiveCfg = Release|Win32
		{53FC9752-81C1-4AA6-B366-A7890A2B81F6}.Release|Win32.Build.0 = Release|Win32
		{53FC9752-81C1-4AA6-B366-A7890A2B81F6}.Release|x64.ActiveCfg = Release|x64
		{53FC9752-81C1-4AA6-B366-A7890A2B81F6}.Release|x64.Build.0 = Release|x64
		{BE7472E1-E76E-4969-A35F-054614F5884E}.Debug|ARM.ActiveCfg = Debug|x64
		{BE7472E1-E76E-4969-A35F-054614F5884E}.Debug|ARM.Build.0 = Debug|x64
		{BE7472E1-E76E-4969-A35F-054614F5884E}.Debug|ARM64.ActiveCfg = Debug|x64
		{BE7472E1-E76E-4969-A35F-054614F5884E}.Debug|ARM64.Build.0 = Debug|x64
		{BE7472E1-E76E-4969-A35F-054614F5884E}.Debug|Win32.ActiveCfg = Debug|Win32
		{BE7472E1-E76E-4969-A35F-054614F5884E}.Debug|Win32.Build.0 = Debug|Win32
		{BE7472E1-E76E-4969-A35F-054614F5884E}.Debug|x64.ActiveCfg = Debug|x64
		{BE7472E1-E76E-4969-A35F-054614F5884E}.Debug|x64.Build.0 = Debug|x64
		{BE7472E1-E76E-4969-A35F-054614F5884E}.Release|ARM.ActiveCfg = Release|x64
		{BE7472E1-E76E-4969-A35F-054614F5884E}.Release|ARM.Build.0 = Release|x64
		{BE7472E1-E76E-4969-A35F-054614F5884E}.Release|ARM64.ActiveCfg = Debug|x64
		{BE7472E1-E76E-4969-A35F-054614F5884E}.Release|ARM64.Build.0 = Debug|x64
		{BE7472E1-E76E-4969-A35F-054614F5884E}.Release|Win32.ActiveCfg = Release|Win32
		{BE7472E1-E76E-4969-A35F-054614F5884E}.Release|Win32.Build.0 = Release|Win32
		{BE7472E1-E76E-4969-A35F-054614F5884E}.Release|x64.ActiveCfg = Release|x64
		{BE7472E1-E76E-4969-A35F-054614F5884E}.Release|x64.Build.0 = Release|x64
		{78B079BD-9FC7-4B9E-B4A6-96DA0F00248B}.Debug|ARM.ActiveCfg = Debug|x64
		{78B079BD-9FC7-4B9E-B4A6-96DA0F00248B}.Debug|ARM.Build.0 = Debug|x64
		{78B079BD-9FC7-4B9E-B4A6-96DA0F00248B}.Debug|ARM64.ActiveCfg = Debug|x64
		{78B079BD-9FC7-4B9E-B4A6-96DA0F00248B}.Debug|ARM64.Build.0 = Debug|x64
		{78B079BD-9FC7-4B9E-B4A6-96DA0F00248B}.Debug|Win32.ActiveCfg = Debug|Win32
		{78B079BD-9FC7-4B9E-B4A6-96DA0F00248B}.Debug|Win32.Build.0 = Debug|Win32
		{78B079BD-9FC7-4B9E-B4A6-96DA0F00248B}.Debug|x64.ActiveCfg = Debug|x64
		{78B079BD-9FC7-4B9E-B4A6-96DA0F00248B}.Debug|x64.Build.0 = Debug|x64
		{78B079BD-9FC7-4B9E-B4A6-96DA0F00248B}.Release|ARM.ActiveCfg = Release|x64
		{78B079BD-9FC7-4B9E-B4A6-96DA0F00248B}.Release|ARM.Build.0 = Release|x64
		{78B079BD-9FC7-4B9E-B4A6-96DA0F00248B}.Release|ARM64.ActiveCfg = Release|x64
		{78B079BD-9FC7-4B9E-B4A6-96DA0F00248B}.Release|ARM64.Build.0 = Release|x64
		{78B079BD-9FC7-4B9E-B4A6-96DA0F00248B}.Release|Win32.ActiveCfg = Release|Win32
		{78B079BD-9FC7-4B9E-B4A6-96DA0F00248B}.Release|Win32.Build.0 = Release|Win32
		{78B079BD-9FC7-4B9E-B4A6-96DA0F00248B}.Release|x64.ActiveCfg = Release|x64
		{78B079BD-9FC7-4B9E-B4A6-96DA0F00248B}.Release|x64.Build.0 = Release|x64
		{B56D17BC-072B-42F3-844A-870A07AFBAAA}.Debug|ARM.ActiveCfg = Debug|x64
		{B56D17BC-072B-42F3-844A-870A07AFBAAA}.Debug|ARM.Build.0 = Debug|x64
		{B56D17BC-072B-42F3-844A-870A07AFBAAA}.Debug|ARM64.ActiveCfg = Debug|x64
		{B56D17BC-072B-42F3-844A-870A07AFBAAA}.Debug|ARM64.Build.0 = Debug|x64
		{B56D17BC-072B-42F3-844A-870A07AFBAAA}.Debug|Win32.ActiveCfg = Debug|Win32
		{B56D17BC-072B-42F3-844A-870A07AFBAAA}.Debug|Win32.Build.0 = Debug|Win32
		{B56D17BC-072B-42F3-844A-870A07AFBAAA}.Debug|x64.ActiveCfg = Debug|x64
		{B56D17BC-072B-42F3-844A-870A07AFBAAA}.Debug|x64.Build.0 = Debug|x64
		{B56D17BC-072B-42F3-844A-870A07AFBAAA}.Release|ARM.ActiveCfg = Release|x64
		{B56D17BC-072B-42F3-844A-870A07AFBAAA}.Release|ARM.Build.0 = Release|x64
		{B56D17BC-072B-42F3-844A-870A07AFBAAA}.Release|ARM64.ActiveCfg = Release|x64
		{B56D17BC-072B-42F3-844A-870A07AFBAAA}.Release|ARM64.Build.0 = Release|x64
		{B56D17BC-072B-42F3-844A-870A07AFBAAA}.Release|Win32.ActiveCfg = Release|Win32
		{B56D17BC-072B-42F3-844A-870A07AFBAAA}.Release|Win32.Build.0 = Release|Win32
		{B56D17BC-072B-42F3-844A-870A07AFBAAA}.Release|x64.ActiveCfg = Release|x64
		{B56D17BC-072B-42F3-844A-870A07AFBAAA}.Release|x64.Build.0 = Release|x64
	EndGlobalSection
	GlobalSection(SolutionProperties) = preSolution
		HideSolutionNode = FALSE
	EndGlobalSection
	GlobalSection(NestedProjects) = preSolution
		{91678D5A-9064-4E74-9DD2-ADDBD0430FEB} = {9717CFF1-7C84-4B19-9E93-B98BC08FEB72}
		{53609BB3-D874-465C-AF7B-DF626DB0D89B} = {621BF055-54B2-4D7E-8661-E7CED2BD8601}
		{465000B6-959F-4B72-A71B-425D586996D1} = {9717CFF1-7C84-4B19-9E93-B98BC08FEB72}
		{61A46457-B235-7896-AC4B-647812FA181C} = {9717CFF1-7C84-4B19-9E93-B98BC08FEB72}
		{2C7E83B9-123A-BCDF-97BA-FCF4D0728408} = {42CF82AA-53E6-4230-8249-58AC02AF6FE4}
		{2C7E83B9-7FE8-432A-97BA-FCF4D0728408} = {42CF82AA-53E6-4230-8249-58AC02AF6FE4}
		{5EEFE977-C56D-462F-BDEE-12A5452EB8CC} = {42CF82AA-53E6-4230-8249-58AC02AF6FE4}
		{E4F20CD2-0E72-4264-8A7F-3669C8FBBF5F} = {9717CFF1-7C84-4B19-9E93-B98BC08FEB72}
		{1EBC7A53-4677-4C3A-8D4A-49D301F17D85} = {42CF82AA-53E6-4230-8249-58AC02AF6FE4}
		{1EBC7A53-4677-75D7-8D4A-49D301F17D85} = {42CF82AA-53E6-4230-8249-58AC02AF6FE4}
		{EF1B9445-ECF9-420E-9FA9-C040A84F7322} = {9717CFF1-7C84-4B19-9E93-B98BC08FEB72}
		{0A12BCDE-4F00-5637-8901-067292C84EDB} = {42CF82AA-53E6-4230-8249-58AC02AF6FE4}
		{9B245550-2DC3-4A2E-870B-9E165EDC3916} = {9717CFF1-7C84-4B19-9E93-B98BC08FEB72}
		{0C80BBEE-1B00-4567-1234-067292C84EDB} = {42CF82AA-53E6-4230-8249-58AC02AF6FE4}
		{651DBAB5-138E-4BCE-B0D1-EA7CB249DA89} = {621BF055-54B2-4D7E-8661-E7CED2BD8601}
		{0C687B48-0821-4E80-BE4F-D4A6DB0FB47D} = {9717CFF1-7C84-4B19-9E93-B98BC08FEB72}
		{877A0F1F-CC4E-45FD-9A28-1DC3EFDBDE27} = {9717CFF1-7C84-4B19-9E93-B98BC08FEB72}
		{84A1F2D5-7183-46C2-8690-D3762F678017} = {621BF055-54B2-4D7E-8661-E7CED2BD8601}
		{02DBCF4A-1005-4B55-9E3C-2BDE14C2BBDC} = {9717CFF1-7C84-4B19-9E93-B98BC08FEB72}
		{66E3CE14-884D-4AEA-9F20-15A0BEAF8C5A} = {9717CFF1-7C84-4B19-9E93-B98BC08FEB72}
		{42A210A8-4E51-4D6A-9FAC-5C0E6B19FD4D} = {42CF82AA-53E6-4230-8249-58AC02AF6FE4}
		{1EBC7A53-4677-5555-2222-49D301157985} = {42CF82AA-53E6-4230-8249-58AC02AF6FE4}
		{B4823266-DF8C-4EFB-91C0-C7688C234EAC} = {42CF82AA-53E6-4230-8249-58AC02AF6FE4}
		{01818D2C-65AF-4D5C-9452-4DFF401C6461} = {73D1C0ED-E55D-40DB-9E4D-9749A141F092}
		{01818D2C-1234-4D5C-ABCD-4DFF401C6461} = {73D1C0ED-E55D-40DB-9E4D-9749A141F092}
		{51A96255-7EAB-4F36-A6E5-1BAF6245FA18} = {73D1C0ED-E55D-40DB-9E4D-9749A141F092}
		{53FC9752-81C1-4AA6-B366-A7890A2B81F6} = {73D1C0ED-E55D-40DB-9E4D-9749A141F092}
		{BE7472E1-E76E-4969-A35F-054614F5884E} = {42CF82AA-53E6-4230-8249-58AC02AF6FE4}
		{78B079BD-9FC7-4B9E-B4A6-96DA0F00248B} = {621BF055-54B2-4D7E-8661-E7CED2BD8601}
		{B56D17BC-072B-42F3-844A-870A07AFBAAA} = {621BF055-54B2-4D7E-8661-E7CED2BD8601}
	EndGlobalSection
	GlobalSection(ExtensibilityGlobals) = postSolution
		SolutionGuid = {AF054F71-C1D4-4C3B-A214-2DDF207D8E37}
	EndGlobalSection
EndGlobal
