<?xml version="1.0" encoding="utf-8"?>
<Project ToolsVersion="4.0" xmlns="http://schemas.microsoft.com/developer/msbuild/2003">
  <ItemGroup>
    <Filter Include="Source Files">
      <UniqueIdentifier>{4FC737F1-C7A5-4376-A066-2A32D752A2FF}</UniqueIdentifier>
      <Extensions>cpp;c;cc;cxx;def;odl;idl;hpj;bat;asm;asmx</Extensions>
    </Filter>
    <Filter Include="Header Files">
      <UniqueIdentifier>{93995380-89BD-4b04-88EB-625FBE52EBFB}</UniqueIdentifier>
      <Extensions>h;hpp;hxx;hm;inl;inc;xsd</Extensions>
    </Filter>
    <Filter Include="Resource Files">
      <UniqueIdentifier>{67DA6AB6-F800-4c08-8B7A-83BB121AAD01}</UniqueIdentifier>
      <Extensions>rc;ico;cur;bmp;dlg;rc2;rct;bin;rgs;gif;jpg;jpeg;jpe;resx;tiff;tif;png;wav</Extensions>
    </Filter>
    <Filter Include="Lua">
      <UniqueIdentifier>{d7040359-fe0d-48d6-986e-2761f24d961e}</UniqueIdentifier>
    </Filter>
  </ItemGroup>
  <ItemGroup>
    <ClCompile Include="src\library\LuaAux.cpp">
      <Filter>Source Files</Filter>
    </ClCompile>
    <ClCompile Include="src\library\luabeans.cpp">
      <Filter>Source Files</Filter>
    </ClCompile>
    <ClCompile Include="src\library\luacom.cpp">
      <Filter>Source Files</Filter>
    </ClCompile>
    <ClCompile Include="src\dll\luacom_dll.cpp">
      <Filter>Source Files</Filter>
    </ClCompile>
    <ClCompile Include="src\library\LuaCompat.cpp">
      <Filter>Source Files</Filter>
    </ClCompile>
    <ClCompile Include="src\library\tCOMUtil.cpp">
      <Filter>Source Files</Filter>
    </ClCompile>
    <ClCompile Include="src\library\tLuaCOM.cpp">
      <Filter>Source Files</Filter>
    </ClCompile>
    <ClCompile Include="src\library\tLuaCOMClassFactory.cpp">
      <Filter>Source Files</Filter>
    </ClCompile>
    <ClCompile Include="src\library\tLuaCOMConnPoints.cpp">
      <Filter>Source Files</Filter>
    </ClCompile>
    <ClCompile Include="src\library\tLuaCOMEnumerator.cpp">
      <Filter>Source Files</Filter>
    </ClCompile>
    <ClCompile Include="src\library\tLuaCOMException.cpp">
      <Filter>Source Files</Filter>
    </ClCompile>
    <ClCompile Include="src\library\tLuaCOMTypeHandler.cpp">
      <Filter>Source Files</Filter>
    </ClCompile>
    <ClCompile Include="src\library\tLuaControl.cpp">
      <Filter>Source Files</Filter>
    </ClCompile>
    <ClCompile Include="src\library\tLuaDispatch.cpp">
      <Filter>Source Files</Filter>
    </ClCompile>
    <ClCompile Include="src\library\tLuaObject.cpp">
      <Filter>Source Files</Filter>
    </ClCompile>
    <ClCompile Include="src\library\tLuaObjList.cpp">
      <Filter>Source Files</Filter>
    </ClCompile>
    <ClCompile Include="src\library\tLuaTLB.cpp">
      <Filter>Source Files</Filter>
    </ClCompile>
    <ClCompile Include="src\library\tLuaVector.cpp">
      <Filter>Source Files</Filter>
    </ClCompile>
    <ClCompile Include="src\library\tStringBuffer.cpp">
      <Filter>Source Files</Filter>
    </ClCompile>
    <ClCompile Include="src\library\tUtil.cpp">
      <Filter>Source Files</Filter>
    </ClCompile>
  </ItemGroup>
  <ItemGroup>
    <ClInclude Include="resource.h">
      <Filter>Header Files</Filter>
    </ClInclude>
    <ClInclude Include="src\library\LuaAux.h">
      <Filter>Header Files</Filter>
    </ClInclude>
    <ClInclude Include="src\library\luabeans.h">
      <Filter>Header Files</Filter>
    </ClInclude>
    <ClInclude Include="src\dll\luacom_dll.h">
      <Filter>Header Files</Filter>
    </ClInclude>
    <ClInclude Include="src\library\luacom_internal.h">
      <Filter>Header Files</Filter>
    </ClInclude>
    <ClInclude Include="src\library\LuaCompat.h">
      <Filter>Header Files</Filter>
    </ClInclude>
    <ClInclude Include="src\library\tCOMUtil.h">
      <Filter>Header Files</Filter>
    </ClInclude>
    <ClInclude Include="src\library\tLuaCOM.h">
      <Filter>Header Files</Filter>
    </ClInclude>
    <ClInclude Include="src\library\tLuaCOMClassFactory.h">
      <Filter>Header Files</Filter>
    </ClInclude>
    <ClInclude Include="src\library\tLuaCOMConnPoints.h">
      <Filter>Header Files</Filter>
    </ClInclude>
    <ClInclude Include="src\library\tLuaCOMEnumerator.h">
      <Filter>Header Files</Filter>
    </ClInclude>
    <ClInclude Include="src\library\tLuaCOMException.h">
      <Filter>Header Files</Filter>
    </ClInclude>
    <ClInclude Include="src\library\tLuaCOMTypeHandler.h">
      <Filter>Header Files</Filter>
    </ClInclude>
    <ClInclude Include="src\library\tLuaControl.h">
      <Filter>Header Files</Filter>
    </ClInclude>
    <ClInclude Include="src\library\tLuaDispatch.h">
      <Filter>Header Files</Filter>
    </ClInclude>
    <ClInclude Include="src\library\tLuaObject.h">
      <Filter>Header Files</Filter>
    </ClInclude>
    <ClInclude Include="src\library\tLuaObjList.h">
      <Filter>Header Files</Filter>
    </ClInclude>
    <ClInclude Include="src\library\tLuaTLB.h">
      <Filter>Header Files</Filter>
    </ClInclude>
    <ClInclude Include="src\library\tLuaVector.h">
      <Filter>Header Files</Filter>
    </ClInclude>
    <ClInclude Include="src\library\tStringBuffer.h">
      <Filter>Header Files</Filter>
    </ClInclude>
    <ClInclude Include="src\library\tUtil.h">
      <Filter>Header Files</Filter>
    </ClInclude>
  </ItemGroup>
  <ItemGroup>
    <None Include="src\dll\luacom_dll.def">
      <Filter>Source Files</Filter>
    </None>
  </ItemGroup>
  <ItemGroup>
    <ResourceCompile Include="luacom.rc">
      <Filter>Resource Files</Filter>
    </ResourceCompile>
  </ItemGroup>
  <ItemGroup>
    <CustomBuild Include="src\library\luacom5.lua">
      <Filter>Lua</Filter>
    </CustomBuild>
  </ItemGroup>
</Project>