<?xml version="1.0" encoding="utf-8"?>
<Project ToolsVersion="4.0" xmlns="http://schemas.microsoft.com/developer/msbuild/2003">
  <ItemGroup>
    <Filter Include="Source Files">
      <UniqueIdentifier>{f07a257e-1d90-4887-833e-57a0a9356411}</UniqueIdentifier>
      <Extensions>cpp;c;cxx;rc;def;r;odl;idl;hpj;bat</Extensions>
    </Filter>
    <Filter Include="Source Files\mb">
      <UniqueIdentifier>{ca8eb34a-72b9-4cbc-a5a4-05130dfd51a7}</UniqueIdentifier>
    </Filter>
    <Filter Include="Header Files">
      <UniqueIdentifier>{652b7122-8e95-4cef-a542-db76a350dc65}</UniqueIdentifier>
      <Extensions>h;hpp;hxx;hm;inl</Extensions>
    </Filter>
    <Filter Include="Header Files\mb">
      <UniqueIdentifier>{3d42faee-ffe2-4005-8ef2-7a17aa4551cb}</UniqueIdentifier>
    </Filter>
    <Filter Include="Resource Files">
      <UniqueIdentifier>{bfc2650f-4d83-4803-9606-c38ff0048d9b}</UniqueIdentifier>
      <Extensions>ico;cur;bmp;dlg;rc2;rct;bin;rgs;gif;jpg;jpeg;jpe</Extensions>
    </Filter>
    <Filter Include="Source Files\vb">
      <UniqueIdentifier>{ed78fcbf-25e0-4036-bec6-7de6dcde9a4c}</UniqueIdentifier>
    </Filter>
    <Filter Include="Header Files\vb">
      <UniqueIdentifier>{0eaf2759-7954-432f-9413-d2266110f42e}</UniqueIdentifier>
    </Filter>
  </ItemGroup>
  <ItemGroup>
    <ClCompile Include="L_mbConnector.cpp">
      <Filter>Source Files</Filter>
    </ClCompile>
    <ClCompile Include="mblua.cpp">
      <Filter>Source Files</Filter>
    </ClCompile>
    <ClCompile Include="mblua_util.cpp">
      <Filter>Source Files</Filter>
    </ClCompile>
    <ClCompile Include="StdAfx.cpp">
      <Filter>Source Files</Filter>
    </ClCompile>
    <ClCompile Include="$(CommonLibCPPDir)/Utils\CrashStat.cpp">
      <Filter>Source Files</Filter>
    </ClCompile>
    <ClCompile Include="$(CommonLibCPPDir)/MessageBus\mbTransportBase.cpp">
      <Filter>Source Files</Filter>
    </ClCompile>
    <ClCompile Include="$(CommonLibCPPDir)/Utils\sysData.cpp">
      <Filter>Source Files</Filter>
    </ClCompile>
    <ClCompile Include="$(CommonLibCPPDir)/VbEngine\DualScriptObject.cpp">
      <Filter>Source Files</Filter>
    </ClCompile>
    <ClCompile Include="$(CommonLibCPPDir)/VbEngine\Heap.cpp">
      <Filter>Source Files</Filter>
    </ClCompile>
    <ClCompile Include="$(CommonLibCPPDir)/VbEngine\OleCallback.cpp">
      <Filter>Source Files</Filter>
    </ClCompile>
    <ClCompile Include="$(CommonLibCPPDir)/VbEngine\ScriptObject.cpp">
      <Filter>Source Files</Filter>
    </ClCompile>
    <ClCompile Include="$(CommonLibCPPDir)/VbEngine\ScriptObjectOleWrapper.cpp">
      <Filter>Source Files</Filter>
    </ClCompile>
    <ClCompile Include="$(CommonLibCPPDir)/VbEngine\VbArray.cpp">
      <Filter>Source Files</Filter>
    </ClCompile>
    <ClCompile Include="$(CommonLibCPPDir)/VbEngine\VbError.cpp">
      <Filter>Source Files</Filter>
    </ClCompile>
    <ClCompile Include="$(CommonLibCPPDir)/VbEngine\VbExpr.cpp">
      <Filter>Source Files</Filter>
    </ClCompile>
    <ClCompile Include="$(CommonLibCPPDir)/VbEngine\VbFunctions.cpp">
      <Filter>Source Files</Filter>
    </ClCompile>
    <ClCompile Include="$(CommonLibCPPDir)/VbEngine\VbLexer.cpp">
      <Filter>Source Files</Filter>
    </ClCompile>
    <ClCompile Include="$(CommonLibCPPDir)/VbEngine\VbParser.cpp">
      <Filter>Source Files</Filter>
    </ClCompile>
    <ClCompile Include="$(CommonLibCPPDir)/VbEngine\VbRegExp.cpp">
      <Filter>Source Files</Filter>
    </ClCompile>
    <ClCompile Include="$(CommonLibCPPDir)/VbEngine\VbRuntime.cpp">
      <Filter>Source Files</Filter>
    </ClCompile>
    <ClCompile Include="$(CommonLibCPPDir)/VbEngine\VbRuntimeManager.cpp">
      <Filter>Source Files</Filter>
    </ClCompile>
    <ClCompile Include="$(CommonLibCPPDir)/VbEngine\VbUtils.cpp">
      <Filter>Source Files</Filter>
    </ClCompile>
    <ClCompile Include="$(CommonLibCPPDir)/Http\HttpServerSocket.cpp">
      <Filter>Source Files</Filter>
    </ClCompile>
    <ClCompile Include="$(CommonLibCPPDir)/MessageBus\mbMonitorAgent.cpp">
      <Filter>Source Files</Filter>
    </ClCompile>
    <ClCompile Include="$(CommonLibCPPDir)/MessageBus\mbSocket.cpp">
      <Filter>Source Files</Filter>
    </ClCompile>
    <ClCompile Include="$(CommonLibCPPDir)/MessageBus\mbStreamSocket.cpp">
      <Filter>Source Files</Filter>
    </ClCompile>
    <ClCompile Include="$(CommonLibCPPDir)/MessageBus\mbTransport.cpp">
      <Filter>Source Files</Filter>
    </ClCompile>
    <ClCompile Include="$(CommonLibCPPDir)/Encryption\md5.cpp">
      <Filter>Source Files</Filter>
    </ClCompile>
    <ClCompile Include="$(CommonLibCPPDir)/Utils\MemCompress.cpp">
      <Filter>Source Files</Filter>
    </ClCompile>
    <ClCompile Include="$(CommonLibCPPDir)/Http\ServerSocket.cpp">
      <Filter>Source Files</Filter>
    </ClCompile>
    <ClCompile Include="$(CommonLibCPPDir)/Utils\StatHtmlGen.cpp">
      <Filter>Source Files</Filter>
    </ClCompile>
    <ClCompile Include="$(CommonLibCPPDir)/IO\stmStreamBuffer.cpp">
      <Filter>Source Files</Filter>
    </ClCompile>
    <ClCompile Include="$(CommonLibCPPDir)/MessageBus\stmSubjectsWatchlist.cpp">
      <Filter>Source Files</Filter>
    </ClCompile>
    <ClCompile Include="$(CommonLibCPPDir)/Containers\StringBuffer.cpp">
      <Filter>Source Files</Filter>
    </ClCompile>
    <ClCompile Include="$(CommonLibCPPDir)/Utils\StringTokenizer.cpp">
      <Filter>Source Files</Filter>
    </ClCompile>
    <ClCompile Include="$(CommonLibCPPDir)/Utils\sysLog.cpp">
      <Filter>Source Files</Filter>
    </ClCompile>
    <ClCompile Include="$(CommonLibCPPDir)/Windows\sysRegistry.cpp">
      <Filter>Source Files</Filter>
    </ClCompile>
    <ClCompile Include="$(CommonLibCPPDir)/Containers\tlxDynamicBuffer.cpp">
      <Filter>Source Files</Filter>
    </ClCompile>
    <ClCompile Include="$(CommonLibCPPDir)/Utils\tlxlib_misc.cpp">
      <Filter>Source Files</Filter>
    </ClCompile>
    <ClCompile Include="$(CommonLibCPPDir)/Containers\tlxMessage.cpp">
      <Filter>Source Files</Filter>
    </ClCompile>
    <ClCompile Include="$(CommonLibCPPDir)/IO\tlxSocket.cpp">
      <Filter>Source Files</Filter>
    </ClCompile>
    <ClCompile Include="$(CommonLibCPPDir)/IO\TypedStorage.cpp">
      <Filter>Source Files</Filter>
    </ClCompile>
    <ClCompile Include="$(CommonLibCPPDir)/Containers\Variant.cpp">
      <Filter>Source Files</Filter>
    </ClCompile>
    <ClCompile Include="$(CommonLibCPPDir)/Windows\WinAuth.cpp">
      <Filter>Source Files</Filter>
    </ClCompile>
    <ClCompile Include="$(CommonLibCPPDir)/Windows\WMIquery.cpp">
      <Filter>Source Files</Filter>
    </ClCompile>
  </ItemGroup>
  <ItemGroup>
    <None Include="mblua.def">
      <Filter>Source Files</Filter>
    </None>
    <None Include="res\mplua.ico">
      <Filter>Resource Files</Filter>
    </None>
    <None Include="res\mplua.rc2">
      <Filter>Resource Files</Filter>
    </None>
  </ItemGroup>
  <ItemGroup>
    <ResourceCompile Include="mblua1.rc">
      <Filter>Source Files</Filter>
    </ResourceCompile>
  </ItemGroup>
  <ItemGroup>
    <ClInclude Include="L_mbConnector.h">
      <Filter>Header Files</Filter>
    </ClInclude>
    <ClInclude Include="mblua.h">
      <Filter>Header Files</Filter>
    </ClInclude>
    <ClInclude Include="mblua_util.h">
      <Filter>Header Files</Filter>
    </ClInclude>
    <ClInclude Include="Resource.h">
      <Filter>Header Files</Filter>
    </ClInclude>
    <ClInclude Include="resource1.h">
      <Filter>Header Files</Filter>
    </ClInclude>
    <ClInclude Include="StdAfx.h">
      <Filter>Header Files</Filter>
    </ClInclude>
    <ClInclude Include="targetver.h">
      <Filter>Header Files</Filter>
    </ClInclude>
    <ClInclude Include="$(CommonLibCPPDir)/MessageBus\mbTransportBase.h">
      <Filter>Header Files</Filter>
    </ClInclude>
    <ClInclude Include="$(CommonLibCPPDir)/VbEngine\DualScriptObject.h">
      <Filter>Header Files</Filter>
    </ClInclude>
    <ClInclude Include="$(CommonLibCPPDir)/VbEngine\Heap.h">
      <Filter>Header Files</Filter>
    </ClInclude>
    <ClInclude Include="$(CommonLibCPPDir)/VbEngine\OleCallback.h">
      <Filter>Header Files</Filter>
    </ClInclude>
    <ClInclude Include="$(CommonLibCPPDir)/VbEngine\RuntimeStorage.h">
      <Filter>Header Files</Filter>
    </ClInclude>
    <ClInclude Include="$(CommonLibCPPDir)/VbEngine\ScriptObject.h">
      <Filter>Header Files</Filter>
    </ClInclude>
    <ClInclude Include="$(CommonLibCPPDir)/VbEngine\ScriptObjectOleWrapper.h">
      <Filter>Header Files</Filter>
    </ClInclude>
    <ClInclude Include="$(CommonLibCPPDir)/VbEngine\StackContainer.h">
      <Filter>Header Files</Filter>
    </ClInclude>
    <ClInclude Include="$(CommonLibCPPDir)/VbEngine\VbArray.h">
      <Filter>Header Files</Filter>
    </ClInclude>
    <ClInclude Include="$(CommonLibCPPDir)/VbEngine\VbError.h">
      <Filter>Header Files</Filter>
    </ClInclude>
    <ClInclude Include="$(CommonLibCPPDir)/VbEngine\VbExpr.h">
      <Filter>Header Files</Filter>
    </ClInclude>
    <ClInclude Include="$(CommonLibCPPDir)/VbEngine\VbFunctions.h">
      <Filter>Header Files</Filter>
    </ClInclude>
    <ClInclude Include="$(CommonLibCPPDir)/VbEngine\VbLexer.h">
      <Filter>Header Files</Filter>
    </ClInclude>
    <ClInclude Include="$(CommonLibCPPDir)/VbEngine\VbParser.h">
      <Filter>Header Files</Filter>
    </ClInclude>
    <ClInclude Include="$(CommonLibCPPDir)/VbEngine\VbRegExp.h">
      <Filter>Header Files</Filter>
    </ClInclude>
    <ClInclude Include="$(CommonLibCPPDir)/VbEngine\VbRuntime.h">
      <Filter>Header Files</Filter>
    </ClInclude>
    <ClInclude Include="$(CommonLibCPPDir)/VbEngine\VbRuntimeManager.h">
      <Filter>Header Files</Filter>
    </ClInclude>
    <ClInclude Include="$(CommonLibCPPDir)/VbEngine\VbUtils.h">
      <Filter>Header Files</Filter>
    </ClInclude>
    <ClInclude Include="$(SolutionDir)\Ext\freetype6\src\gzip\infblock.h">
      <Filter>Header Files</Filter>
    </ClInclude>
    <ClInclude Include="$(CommonLibCPPDir)/Http\HttpServerSocket.h">
      <Filter>Header Files</Filter>
    </ClInclude>
    <ClInclude Include="$(CommonLibCPPDir)/MessageBus\mbMonitorAgent.h">
      <Filter>Header Files</Filter>
    </ClInclude>
    <ClInclude Include="$(CommonLibCPPDir)/MessageBus\mbProtocol.h">
      <Filter>Header Files</Filter>
    </ClInclude>
    <ClInclude Include="$(CommonLibCPPDir)/MessageBus\mbSocket.h">
      <Filter>Header Files</Filter>
    </ClInclude>
    <ClInclude Include="$(CommonLibCPPDir)/MessageBus\mbStreamSocket.h">
      <Filter>Header Files</Filter>
    </ClInclude>
    <ClInclude Include="$(CommonLibCPPDir)/MessageBus\mbTransport.h">
      <Filter>Header Files</Filter>
    </ClInclude>
    <ClInclude Include="$(CommonLibCPPDir)/Encryption\md5.h">
      <Filter>Header Files</Filter>
    </ClInclude>
    <ClInclude Include="$(CommonLibCPPDir)/Utils\MemCompress.h">
      <Filter>Header Files</Filter>
    </ClInclude>
    <ClInclude Include="$(CommonLibCPPDir)/Http\ServerSocket.h">
      <Filter>Header Files</Filter>
    </ClInclude>
    <ClInclude Include="$(CommonLibCPPDir)/Utils\StatHtmlGen.h">
      <Filter>Header Files</Filter>
    </ClInclude>
    <ClInclude Include="$(CommonLibCPPDir)/IO\stmStreamBuffer.h">
      <Filter>Header Files</Filter>
    </ClInclude>
    <ClInclude Include="$(CommonLibCPPDir)/MessageBus\stmSubjectsWatchlist.h">
      <Filter>Header Files</Filter>
    </ClInclude>
    <ClInclude Include="$(CommonLibCPPDir)/Containers\StringBuffer.h">
      <Filter>Header Files</Filter>
    </ClInclude>
    <ClInclude Include="$(CommonLibCPPDir)/Utils\StringTokenizer.h">
      <Filter>Header Files</Filter>
    </ClInclude>
    <ClInclude Include="$(CommonLibCPPDir)/Utils\sysLog.h">
      <Filter>Header Files</Filter>
    </ClInclude>
    <ClInclude Include="$(CommonLibCPPDir)/Windows\sysRegistry.h">
      <Filter>Header Files</Filter>
    </ClInclude>
    <ClInclude Include="$(CommonLibCPPDir)/Containers\tlxDynamicBuffer.h">
      <Filter>Header Files</Filter>
    </ClInclude>
    <ClInclude Include="$(CommonLibCPPDir)/Utils\tlxlib_misc.h">
      <Filter>Header Files</Filter>
    </ClInclude>
    <ClInclude Include="$(CommonLibCPPDir)/Containers\tlxMessage.h">
      <Filter>Header Files</Filter>
    </ClInclude>
    <ClInclude Include="$(CommonLibCPPDir)/IO\tlxSocket.h">
      <Filter>Header Files</Filter>
    </ClInclude>
    <ClInclude Include="$(CommonLibCPPDir)/IO\TypedStorage.h">
      <Filter>Header Files</Filter>
    </ClInclude>
    <ClInclude Include="$(CommonLibCPPDir)/Containers\Variant.h">
      <Filter>Header Files</Filter>
    </ClInclude>
    <ClInclude Include="$(CommonLibCPPDir)/Windows\WinAuth.h">
      <Filter>Header Files</Filter>
    </ClInclude>
    <ClInclude Include="$(CommonLibCPPDir)/Windows\WMIquery.h">
      <Filter>Header Files</Filter>
    </ClInclude>
  </ItemGroup>
</Project>