<?xml version="1.0" encoding="utf-8"?>
<Project ToolsVersion="4.0" xmlns="http://schemas.microsoft.com/developer/msbuild/2003">
  <ItemGroup>
    <ClCompile Include="..\src\hunspell\affentry.cxx">
      <Filter>Source Files</Filter>
    </ClCompile>
    <ClCompile Include="..\src\hunspell\affixmgr.cxx">
      <Filter>Source Files</Filter>
    </ClCompile>
    <ClCompile Include="..\src\hunspell\csutil.cxx">
      <Filter>Source Files</Filter>
    </ClCompile>
    <ClCompile Include="..\src\hunspell\filemgr.cxx">
      <Filter>Source Files</Filter>
    </ClCompile>
    <ClCompile Include="..\src\hunspell\hashmgr.cxx">
      <Filter>Source Files</Filter>
    </ClCompile>
    <ClCompile Include="..\src\hunspell\hunspell.cxx">
      <Filter>Source Files</Filter>
    </ClCompile>
    <ClCompile Include="..\src\hunspell\hunzip.cxx">
      <Filter>Source Files</Filter>
    </ClCompile>
    <ClCompile Include="..\src\hunspell\phonet.cxx">
      <Filter>Source Files</Filter>
    </ClCompile>
    <ClCompile Include="..\src\hunspell\replist.cxx">
      <Filter>Source Files</Filter>
    </ClCompile>
    <ClCompile Include="..\src\hunspell\suggestmgr.cxx">
      <Filter>Source Files</Filter>
    </ClCompile>
  </ItemGroup>
  <ItemGroup>
    <ClInclude Include="..\src\hunspell\affentry.hxx">
      <Filter>Header Files</Filter>
    </ClInclude>
    <ClInclude Include="..\src\hunspell\affixmgr.hxx">
      <Filter>Header Files</Filter>
    </ClInclude>
    <ClInclude Include="..\src\hunspell\atypes.hxx">
      <Filter>Header Files</Filter>
    </ClInclude>
    <ClInclude Include="..\src\hunspell\baseaffix.hxx">
      <Filter>Header Files</Filter>
    </ClInclude>
    <ClInclude Include="config.h">
      <Filter>Header Files</Filter>
    </ClInclude>
    <ClInclude Include="..\src\hunspell\csutil.hxx">
      <Filter>Header Files</Filter>
    </ClInclude>
    <ClInclude Include="..\src\hunspell\filemgr.hxx">
      <Filter>Header Files</Filter>
    </ClInclude>
    <ClInclude Include="..\src\hunspell\hashmgr.hxx">
      <Filter>Header Files</Filter>
    </ClInclude>
    <ClInclude Include="..\src\hunspell\htypes.hxx">
      <Filter>Header Files</Filter>
    </ClInclude>
    <ClInclude Include="..\src\hunspell\hunspell.h">
      <Filter>Header Files</Filter>
    </ClInclude>
    <ClInclude Include="..\src\hunspell\hunspell.hxx">
      <Filter>Header Files</Filter>
    </ClInclude>
    <ClInclude Include="..\src\hunspell\hunzip.hxx">
      <Filter>Header Files</Filter>
    </ClInclude>
    <ClInclude Include="..\src\hunspell\langnum.hxx">
      <Filter>Header Files</Filter>
    </ClInclude>
    <ClInclude Include="..\src\hunspell\phonet.hxx">
      <Filter>Header Files</Filter>
    </ClInclude>
    <ClInclude Include="..\src\hunspell\replist.hxx">
      <Filter>Header Files</Filter>
    </ClInclude>
    <ClInclude Include="..\src\hunspell\suggestmgr.hxx">
      <Filter>Header Files</Filter>
    </ClInclude>
    <ClInclude Include="..\src\hunspell\w_char.hxx">
      <Filter>Header Files</Filter>
    </ClInclude>
  </ItemGroup>
  <ItemGroup>
    <Filter Include="Header Files">
      <UniqueIdentifier>{71641724-546b-4a0d-aca6-7126d51797be}</UniqueIdentifier>
    </Filter>
    <Filter Include="Source Files">
      <UniqueIdentifier>{f6aeaecb-ce06-47ca-bb43-0ebc7de28856}</UniqueIdentifier>
    </Filter>
  </ItemGroup>
</Project>